
Microsoft Visual Studio Solution File, Format Version 12.00
# Visual Studio 15
VisualStudioVersion = 15.0.26730.10
MinimumVisualStudioVersion = 10.0.40219.1
Project("{6EC3EE1D-3C4E-46DD-8F32-0CC8E7565705}") = "Paint", "Paint\Paint.fsproj", "{8E0453DA-18E0-42D0-8A91-646E44FEA869}"
EndProject
Project("{F2A71F9B-5D33-465A-A702-920D77279786}") = "Paint.iOS", "Paint.iOS\Paint.iOS.fsproj", "{6406A1B5-11A0-41A6-81A8-8859C1DBDC6F}"
EndProject
Project("{F2A71F9B-5D33-465A-A702-920D77279786}") = "Paint.Domain", "Paint.Domain\Paint.Domain.fsproj", "{A58B2635-DA76-440C-A0A7-42976B4B89FE}"
EndProject
Project("{F2A71F9B-5D33-465A-A702-920D77279786}") = "Paint.Cli", "Paint.Cli\Paint.Cli.fsproj", "{AB3EC68E-4723-4C65-B2D7-03E5BC79D9A7}"
EndProject
Project("{F2A71F9B-5D33-465A-A702-920D77279786}") = "Input", "..\..\lib\Input\Input.fsproj", "{18CBC7FE-C643-45E8-83C0-CBEA23426893}"
EndProject
Global
	GlobalSection(SolutionConfigurationPlatforms) = preSolution
		Ad-Hoc|Any CPU = Ad-Hoc|Any CPU
		Ad-Hoc|ARM = Ad-Hoc|ARM
		Ad-Hoc|iPhone = Ad-Hoc|iPhone
		Ad-Hoc|iPhoneSimulator = Ad-Hoc|iPhoneSimulator
		Ad-Hoc|x64 = Ad-Hoc|x64
		Ad-Hoc|x86 = Ad-Hoc|x86
		AppStore|Any CPU = AppStore|Any CPU
		AppStore|ARM = AppStore|ARM
		AppStore|iPhone = AppStore|iPhone
		AppStore|iPhoneSimulator = AppStore|iPhoneSimulator
		AppStore|x64 = AppStore|x64
		AppStore|x86 = AppStore|x86
		Debug|Any CPU = Debug|Any CPU
		Debug|ARM = Debug|ARM
		Debug|iPhone = Debug|iPhone
		Debug|iPhoneSimulator = Debug|iPhoneSimulator
		Debug|x64 = Debug|x64
		Debug|x86 = Debug|x86
		Release|Any CPU = Release|Any CPU
		Release|ARM = Release|ARM
		Release|iPhone = Release|iPhone
		Release|iPhoneSimulator = Release|iPhoneSimulator
		Release|x64 = Release|x64
		Release|x86 = Release|x86
	EndGlobalSection
	GlobalSection(ProjectConfigurationPlatforms) = postSolution
		{8E0453DA-18E0-42D0-8A91-646E44FEA869}.Ad-Hoc|Any CPU.ActiveCfg = Debug|Any CPU
		{8E0453DA-18E0-42D0-8A91-646E44FEA869}.Ad-Hoc|Any CPU.Build.0 = Debug|Any CPU
		{8E0453DA-18E0-42D0-8A91-646E44FEA869}.Ad-Hoc|ARM.ActiveCfg = Debug|Any CPU
		{8E0453DA-18E0-42D0-8A91-646E44FEA869}.Ad-Hoc|ARM.Build.0 = Debug|Any CPU
		{8E0453DA-18E0-42D0-8A91-646E44FEA869}.Ad-Hoc|iPhone.ActiveCfg = Debug|Any CPU
		{8E0453DA-18E0-42D0-8A91-646E44FEA869}.Ad-Hoc|iPhone.Build.0 = Debug|Any CPU
		{8E0453DA-18E0-42D0-8A91-646E44FEA869}.Ad-Hoc|iPhoneSimulator.ActiveCfg = Debug|Any CPU
		{8E0453DA-18E0-42D0-8A91-646E44FEA869}.Ad-Hoc|iPhoneSimulator.Build.0 = Debug|Any CPU
		{8E0453DA-18E0-42D0-8A91-646E44FEA869}.Ad-Hoc|x64.ActiveCfg = Debug|Any CPU
		{8E0453DA-18E0-42D0-8A91-646E44FEA869}.Ad-Hoc|x64.Build.0 = Debug|Any CPU
		{8E0453DA-18E0-42D0-8A91-646E44FEA869}.Ad-Hoc|x86.ActiveCfg = Debug|Any CPU
		{8E0453DA-18E0-42D0-8A91-646E44FEA869}.Ad-Hoc|x86.Build.0 = Debug|Any CPU
		{8E0453DA-18E0-42D0-8A91-646E44FEA869}.AppStore|Any CPU.ActiveCfg = Debug|Any CPU
		{8E0453DA-18E0-42D0-8A91-646E44FEA869}.AppStore|Any CPU.Build.0 = Debug|Any CPU
		{8E0453DA-18E0-42D0-8A91-646E44FEA869}.AppStore|ARM.ActiveCfg = Debug|Any CPU
		{8E0453DA-18E0-42D0-8A91-646E44FEA869}.AppStore|ARM.Build.0 = Debug|Any CPU
		{8E0453DA-18E0-42D0-8A91-646E44FEA869}.AppStore|iPhone.ActiveCfg = Debug|Any CPU
		{8E0453DA-18E0-42D0-8A91-646E44FEA869}.AppStore|iPhone.Build.0 = Debug|Any CPU
		{8E0453DA-18E0-42D0-8A91-646E44FEA869}.AppStore|iPhoneSimulator.ActiveCfg = Debug|Any CPU
		{8E0453DA-18E0-42D0-8A91-646E44FEA869}.AppStore|iPhoneSimulator.Build.0 = Debug|Any CPU
		{8E0453DA-18E0-42D0-8A91-646E44FEA869}.AppStore|x64.ActiveCfg = Debug|Any CPU
		{8E0453DA-18E0-42D0-8A91-646E44FEA869}.AppStore|x64.Build.0 = Debug|Any CPU
		{8E0453DA-18E0-42D0-8A91-646E44FEA869}.AppStore|x86.ActiveCfg = Debug|Any CPU
		{8E0453DA-18E0-42D0-8A91-646E44FEA869}.AppStore|x86.Build.0 = Debug|Any CPU
		{8E0453DA-18E0-42D0-8A91-646E44FEA869}.Debug|Any CPU.ActiveCfg = Debug|Any CPU
		{8E0453DA-18E0-42D0-8A91-646E44FEA869}.Debug|Any CPU.Build.0 = Debug|Any CPU
		{8E0453DA-18E0-42D0-8A91-646E44FEA869}.Debug|ARM.ActiveCfg = Debug|Any CPU
		{8E0453DA-18E0-42D0-8A91-646E44FEA869}.Debug|ARM.Build.0 = Debug|Any CPU
		{8E0453DA-18E0-42D0-8A91-646E44FEA869}.Debug|iPhone.ActiveCfg = Debug|Any CPU
		{8E0453DA-18E0-42D0-8A91-646E44FEA869}.Debug|iPhone.Build.0 = Debug|Any CPU
		{8E0453DA-18E0-42D0-8A91-646E44FEA869}.Debug|iPhoneSimulator.ActiveCfg = Debug|Any CPU
		{8E0453DA-18E0-42D0-8A91-646E44FEA869}.Debug|iPhoneSimulator.Build.0 = Debug|Any CPU
		{8E0453DA-18E0-42D0-8A91-646E44FEA869}.Debug|x64.ActiveCfg = Debug|Any CPU
		{8E0453DA-18E0-42D0-8A91-646E44FEA869}.Debug|x64.Build.0 = Debug|Any CPU
		{8E0453DA-18E0-42D0-8A91-646E44FEA869}.Debug|x86.ActiveCfg = Debug|Any CPU
		{8E0453DA-18E0-42D0-8A91-646E44FEA869}.Debug|x86.Build.0 = Debug|Any CPU
		{8E0453DA-18E0-42D0-8A91-646E44FEA869}.Release|Any CPU.ActiveCfg = Release|Any CPU
		{8E0453DA-18E0-42D0-8A91-646E44FEA869}.Release|Any CPU.Build.0 = Release|Any CPU
		{8E0453DA-18E0-42D0-8A91-646E44FEA869}.Release|ARM.ActiveCfg = Release|Any CPU
		{8E0453DA-18E0-42D0-8A91-646E44FEA869}.Release|ARM.Build.0 = Release|Any CPU
		{8E0453DA-18E0-42D0-8A91-646E44FEA869}.Release|iPhone.ActiveCfg = Release|Any CPU
		{8E0453DA-18E0-42D0-8A91-646E44FEA869}.Release|iPhone.Build.0 = Release|Any CPU
		{8E0453DA-18E0-42D0-8A91-646E44FEA869}.Release|iPhoneSimulator.ActiveCfg = Release|Any CPU
		{8E0453DA-18E0-42D0-8A91-646E44FEA869}.Release|iPhoneSimulator.Build.0 = Release|Any CPU
		{8E0453DA-18E0-42D0-8A91-646E44FEA869}.Release|x64.ActiveCfg = Release|Any CPU
		{8E0453DA-18E0-42D0-8A91-646E44FEA869}.Release|x64.Build.0 = Release|Any CPU
		{8E0453DA-18E0-42D0-8A91-646E44FEA869}.Release|x86.ActiveCfg = Release|Any CPU
		{8E0453DA-18E0-42D0-8A91-646E44FEA869}.Release|x86.Build.0 = Release|Any CPU
		{6406A1B5-11A0-41A6-81A8-8859C1DBDC6F}.Ad-Hoc|Any CPU.ActiveCfg = Ad-Hoc|iPhone
		{6406A1B5-11A0-41A6-81A8-8859C1DBDC6F}.Ad-Hoc|ARM.ActiveCfg = Ad-Hoc|iPhone
		{6406A1B5-11A0-41A6-81A8-8859C1DBDC6F}.Ad-Hoc|iPhone.ActiveCfg = Ad-Hoc|iPhone
		{6406A1B5-11A0-41A6-81A8-8859C1DBDC6F}.Ad-Hoc|iPhone.Build.0 = Ad-Hoc|iPhone
		{6406A1B5-11A0-41A6-81A8-8859C1DBDC6F}.Ad-Hoc|iPhoneSimulator.ActiveCfg = Ad-Hoc|iPhoneSimulator
		{6406A1B5-11A0-41A6-81A8-8859C1DBDC6F}.Ad-Hoc|iPhoneSimulator.Build.0 = Ad-Hoc|iPhoneSimulator
		{6406A1B5-11A0-41A6-81A8-8859C1DBDC6F}.Ad-Hoc|x64.ActiveCfg = Ad-Hoc|iPhone
		{6406A1B5-11A0-41A6-81A8-8859C1DBDC6F}.Ad-Hoc|x86.ActiveCfg = Ad-Hoc|iPhone
		{6406A1B5-11A0-41A6-81A8-8859C1DBDC6F}.AppStore|Any CPU.ActiveCfg = AppStore|iPhone
		{6406A1B5-11A0-41A6-81A8-8859C1DBDC6F}.AppStore|ARM.ActiveCfg = AppStore|iPhone
		{6406A1B5-11A0-41A6-81A8-8859C1DBDC6F}.AppStore|iPhone.ActiveCfg = AppStore|iPhone
		{6406A1B5-11A0-41A6-81A8-8859C1DBDC6F}.AppStore|iPhone.Build.0 = AppStore|iPhone
		{6406A1B5-11A0-41A6-81A8-8859C1DBDC6F}.AppStore|iPhoneSimulator.ActiveCfg = AppStore|iPhoneSimulator
		{6406A1B5-11A0-41A6-81A8-8859C1DBDC6F}.AppStore|iPhoneSimulator.Build.0 = AppStore|iPhoneSimulator
		{6406A1B5-11A0-41A6-81A8-8859C1DBDC6F}.AppStore|x64.ActiveCfg = AppStore|iPhone
		{6406A1B5-11A0-41A6-81A8-8859C1DBDC6F}.AppStore|x86.ActiveCfg = AppStore|iPhone
		{6406A1B5-11A0-41A6-81A8-8859C1DBDC6F}.Debug|Any CPU.ActiveCfg = Debug|iPhone
		{6406A1B5-11A0-41A6-81A8-8859C1DBDC6F}.Debug|ARM.ActiveCfg = Debug|iPhone
		{6406A1B5-11A0-41A6-81A8-8859C1DBDC6F}.Debug|iPhone.ActiveCfg = Debug|iPhone
		{6406A1B5-11A0-41A6-81A8-8859C1DBDC6F}.Debug|iPhone.Build.0 = Debug|iPhone
		{6406A1B5-11A0-41A6-81A8-8859C1DBDC6F}.Debug|iPhoneSimulator.ActiveCfg = Debug|iPhoneSimulator
		{6406A1B5-11A0-41A6-81A8-8859C1DBDC6F}.Debug|iPhoneSimulator.Build.0 = Debug|iPhoneSimulator
		{6406A1B5-11A0-41A6-81A8-8859C1DBDC6F}.Debug|x64.ActiveCfg = Debug|iPhone
		{6406A1B5-11A0-41A6-81A8-8859C1DBDC6F}.Debug|x86.ActiveCfg = Debug|iPhone
		{6406A1B5-11A0-41A6-81A8-8859C1DBDC6F}.Release|Any CPU.ActiveCfg = Release|iPhone
		{6406A1B5-11A0-41A6-81A8-8859C1DBDC6F}.Release|ARM.ActiveCfg = Release|iPhone
		{6406A1B5-11A0-41A6-81A8-8859C1DBDC6F}.Release|iPhone.ActiveCfg = Release|iPhone
		{6406A1B5-11A0-41A6-81A8-8859C1DBDC6F}.Release|iPhone.Build.0 = Release|iPhone
		{6406A1B5-11A0-41A6-81A8-8859C1DBDC6F}.Release|iPhoneSimulator.ActiveCfg = Release|iPhoneSimulator
		{6406A1B5-11A0-41A6-81A8-8859C1DBDC6F}.Release|iPhoneSimulator.Build.0 = Release|iPhoneSimulator
		{6406A1B5-11A0-41A6-81A8-8859C1DBDC6F}.Release|x64.ActiveCfg = Release|iPhone
		{6406A1B5-11A0-41A6-81A8-8859C1DBDC6F}.Release|x86.ActiveCfg = Release|iPhone
		{13934694-0598-41FA-ADC2-FBF4E3D7274A}.Ad-Hoc|Any CPU.ActiveCfg = Release|x86
		{13934694-0598-41FA-ADC2-FBF4E3D7274A}.Ad-Hoc|Any CPU.Build.0 = Release|x86
		{13934694-0598-41FA-ADC2-FBF4E3D7274A}.Ad-Hoc|Any CPU.Deploy.0 = Release|x86
		{13934694-0598-41FA-ADC2-FBF4E3D7274A}.Ad-Hoc|ARM.ActiveCfg = Release|ARM
		{13934694-0598-41FA-ADC2-FBF4E3D7274A}.Ad-Hoc|ARM.Build.0 = Release|ARM
		{13934694-0598-41FA-ADC2-FBF4E3D7274A}.Ad-Hoc|ARM.Deploy.0 = Release|ARM
		{13934694-0598-41FA-ADC2-FBF4E3D7274A}.Ad-Hoc|iPhone.ActiveCfg = Release|x86
		{13934694-0598-41FA-ADC2-FBF4E3D7274A}.Ad-Hoc|iPhone.Build.0 = Release|x86
		{13934694-0598-41FA-ADC2-FBF4E3D7274A}.Ad-Hoc|iPhone.Deploy.0 = Release|x86
		{13934694-0598-41FA-ADC2-FBF4E3D7274A}.Ad-Hoc|iPhoneSimulator.ActiveCfg = Release|x86
		{13934694-0598-41FA-ADC2-FBF4E3D7274A}.Ad-Hoc|iPhoneSimulator.Build.0 = Release|x86
		{13934694-0598-41FA-ADC2-FBF4E3D7274A}.Ad-Hoc|iPhoneSimulator.Deploy.0 = Release|x86
		{13934694-0598-41FA-ADC2-FBF4E3D7274A}.Ad-Hoc|x64.ActiveCfg = Release|x64
		{13934694-0598-41FA-ADC2-FBF4E3D7274A}.Ad-Hoc|x64.Build.0 = Release|x64
		{13934694-0598-41FA-ADC2-FBF4E3D7274A}.Ad-Hoc|x64.Deploy.0 = Release|x64
		{13934694-0598-41FA-ADC2-FBF4E3D7274A}.Ad-Hoc|x86.ActiveCfg = Release|x86
		{13934694-0598-41FA-ADC2-FBF4E3D7274A}.Ad-Hoc|x86.Build.0 = Release|x86
		{13934694-0598-41FA-ADC2-FBF4E3D7274A}.Ad-Hoc|x86.Deploy.0 = Release|x86
		{13934694-0598-41FA-ADC2-FBF4E3D7274A}.AppStore|Any CPU.ActiveCfg = Release|x86
		{13934694-0598-41FA-ADC2-FBF4E3D7274A}.AppStore|Any CPU.Build.0 = Release|x86
		{13934694-0598-41FA-ADC2-FBF4E3D7274A}.AppStore|Any CPU.Deploy.0 = Release|x86
		{13934694-0598-41FA-ADC2-FBF4E3D7274A}.AppStore|ARM.ActiveCfg = Release|ARM
		{13934694-0598-41FA-ADC2-FBF4E3D7274A}.AppStore|ARM.Build.0 = Release|ARM
		{13934694-0598-41FA-ADC2-FBF4E3D7274A}.AppStore|ARM.Deploy.0 = Release|ARM
		{13934694-0598-41FA-ADC2-FBF4E3D7274A}.AppStore|iPhone.ActiveCfg = Release|x86
		{13934694-0598-41FA-ADC2-FBF4E3D7274A}.AppStore|iPhone.Build.0 = Release|x86
		{13934694-0598-41FA-ADC2-FBF4E3D7274A}.AppStore|iPhone.Deploy.0 = Release|x86
		{13934694-0598-41FA-ADC2-FBF4E3D7274A}.AppStore|iPhoneSimulator.ActiveCfg = Release|x86
		{13934694-0598-41FA-ADC2-FBF4E3D7274A}.AppStore|iPhoneSimulator.Build.0 = Release|x86
		{13934694-0598-41FA-ADC2-FBF4E3D7274A}.AppStore|iPhoneSimulator.Deploy.0 = Release|x86
		{13934694-0598-41FA-ADC2-FBF4E3D7274A}.AppStore|x64.ActiveCfg = Release|x64
		{13934694-0598-41FA-ADC2-FBF4E3D7274A}.AppStore|x64.Build.0 = Release|x64
		{13934694-0598-41FA-ADC2-FBF4E3D7274A}.AppStore|x64.Deploy.0 = Release|x64
		{13934694-0598-41FA-ADC2-FBF4E3D7274A}.AppStore|x86.ActiveCfg = Release|x86
		{13934694-0598-41FA-ADC2-FBF4E3D7274A}.AppStore|x86.Build.0 = Release|x86
		{13934694-0598-41FA-ADC2-FBF4E3D7274A}.AppStore|x86.Deploy.0 = Release|x86
		{13934694-0598-41FA-ADC2-FBF4E3D7274A}.Debug|Any CPU.ActiveCfg = Debug|x86
		{13934694-0598-41FA-ADC2-FBF4E3D7274A}.Debug|ARM.ActiveCfg = Debug|ARM
		{13934694-0598-41FA-ADC2-FBF4E3D7274A}.Debug|ARM.Build.0 = Debug|ARM
		{13934694-0598-41FA-ADC2-FBF4E3D7274A}.Debug|ARM.Deploy.0 = Debug|ARM
		{13934694-0598-41FA-ADC2-FBF4E3D7274A}.Debug|iPhone.ActiveCfg = Debug|x86
		{13934694-0598-41FA-ADC2-FBF4E3D7274A}.Debug|iPhoneSimulator.ActiveCfg = Debug|x86
		{13934694-0598-41FA-ADC2-FBF4E3D7274A}.Debug|x64.ActiveCfg = Debug|x64
		{13934694-0598-41FA-ADC2-FBF4E3D7274A}.Debug|x64.Build.0 = Debug|x64
		{13934694-0598-41FA-ADC2-FBF4E3D7274A}.Debug|x64.Deploy.0 = Debug|x64
		{13934694-0598-41FA-ADC2-FBF4E3D7274A}.Debug|x86.ActiveCfg = Debug|x86
		{13934694-0598-41FA-ADC2-FBF4E3D7274A}.Debug|x86.Build.0 = Debug|x86
		{13934694-0598-41FA-ADC2-FBF4E3D7274A}.Debug|x86.Deploy.0 = Debug|x86
		{13934694-0598-41FA-ADC2-FBF4E3D7274A}.Release|Any CPU.ActiveCfg = Release|x86
		{13934694-0598-41FA-ADC2-FBF4E3D7274A}.Release|ARM.ActiveCfg = Release|ARM
		{13934694-0598-41FA-ADC2-FBF4E3D7274A}.Release|ARM.Build.0 = Release|ARM
		{13934694-0598-41FA-ADC2-FBF4E3D7274A}.Release|ARM.Deploy.0 = Release|ARM
		{13934694-0598-41FA-ADC2-FBF4E3D7274A}.Release|iPhone.ActiveCfg = Release|x86
		{13934694-0598-41FA-ADC2-FBF4E3D7274A}.Release|iPhoneSimulator.ActiveCfg = Release|x86
		{13934694-0598-41FA-ADC2-FBF4E3D7274A}.Release|x64.ActiveCfg = Release|x64
		{13934694-0598-41FA-ADC2-FBF4E3D7274A}.Release|x64.Build.0 = Release|x64
		{13934694-0598-41FA-ADC2-FBF4E3D7274A}.Release|x64.Deploy.0 = Release|x64
		{13934694-0598-41FA-ADC2-FBF4E3D7274A}.Release|x86.ActiveCfg = Release|x86
		{13934694-0598-41FA-ADC2-FBF4E3D7274A}.Release|x86.Build.0 = Release|x86
		{13934694-0598-41FA-ADC2-FBF4E3D7274A}.Release|x86.Deploy.0 = Release|x86
		{4BEAF6DA-CCF3-47CF-B4A8-32C3B8A1AFA5}.Ad-Hoc|Any CPU.ActiveCfg = Release|Any CPU
		{4BEAF6DA-CCF3-47CF-B4A8-32C3B8A1AFA5}.Ad-Hoc|Any CPU.Build.0 = Release|Any CPU
		{4BEAF6DA-CCF3-47CF-B4A8-32C3B8A1AFA5}.Ad-Hoc|ARM.ActiveCfg = Release|Any CPU
		{4BEAF6DA-CCF3-47CF-B4A8-32C3B8A1AFA5}.Ad-Hoc|ARM.Build.0 = Release|Any CPU
		{4BEAF6DA-CCF3-47CF-B4A8-32C3B8A1AFA5}.Ad-Hoc|iPhone.ActiveCfg = Release|Any CPU
		{4BEAF6DA-CCF3-47CF-B4A8-32C3B8A1AFA5}.Ad-Hoc|iPhone.Build.0 = Release|Any CPU
		{4BEAF6DA-CCF3-47CF-B4A8-32C3B8A1AFA5}.Ad-Hoc|iPhoneSimulator.ActiveCfg = Release|Any CPU
		{4BEAF6DA-CCF3-47CF-B4A8-32C3B8A1AFA5}.Ad-Hoc|iPhoneSimulator.Build.0 = Release|Any CPU
		{4BEAF6DA-CCF3-47CF-B4A8-32C3B8A1AFA5}.Ad-Hoc|x64.ActiveCfg = Release|Any CPU
		{4BEAF6DA-CCF3-47CF-B4A8-32C3B8A1AFA5}.Ad-Hoc|x64.Build.0 = Release|Any CPU
		{4BEAF6DA-CCF3-47CF-B4A8-32C3B8A1AFA5}.Ad-Hoc|x86.ActiveCfg = Release|Any CPU
		{4BEAF6DA-CCF3-47CF-B4A8-32C3B8A1AFA5}.Ad-Hoc|x86.Build.0 = Release|Any CPU
		{4BEAF6DA-CCF3-47CF-B4A8-32C3B8A1AFA5}.AppStore|Any CPU.ActiveCfg = Release|Any CPU
		{4BEAF6DA-CCF3-47CF-B4A8-32C3B8A1AFA5}.AppStore|Any CPU.Build.0 = Release|Any CPU
		{4BEAF6DA-CCF3-47CF-B4A8-32C3B8A1AFA5}.AppStore|ARM.ActiveCfg = Release|Any CPU
		{4BEAF6DA-CCF3-47CF-B4A8-32C3B8A1AFA5}.AppStore|ARM.Build.0 = Release|Any CPU
		{4BEAF6DA-CCF3-47CF-B4A8-32C3B8A1AFA5}.AppStore|iPhone.ActiveCfg = Release|Any CPU
		{4BEAF6DA-CCF3-47CF-B4A8-32C3B8A1AFA5}.AppStore|iPhone.Build.0 = Release|Any CPU
		{4BEAF6DA-CCF3-47CF-B4A8-32C3B8A1AFA5}.AppStore|iPhoneSimulator.ActiveCfg = Release|Any CPU
		{4BEAF6DA-CCF3-47CF-B4A8-32C3B8A1AFA5}.AppStore|iPhoneSimulator.Build.0 = Release|Any CPU
		{4BEAF6DA-CCF3-47CF-B4A8-32C3B8A1AFA5}.AppStore|x64.ActiveCfg = Release|Any CPU
		{4BEAF6DA-CCF3-47CF-B4A8-32C3B8A1AFA5}.AppStore|x64.Build.0 = Release|Any CPU
		{4BEAF6DA-CCF3-47CF-B4A8-32C3B8A1AFA5}.AppStore|x86.ActiveCfg = Release|Any CPU
		{4BEAF6DA-CCF3-47CF-B4A8-32C3B8A1AFA5}.AppStore|x86.Build.0 = Release|Any CPU
		{4BEAF6DA-CCF3-47CF-B4A8-32C3B8A1AFA5}.Debug|Any CPU.ActiveCfg = Debug|Any CPU
		{4BEAF6DA-CCF3-47CF-B4A8-32C3B8A1AFA5}.Debug|Any CPU.Build.0 = Debug|Any CPU
		{4BEAF6DA-CCF3-47CF-B4A8-32C3B8A1AFA5}.Debug|ARM.ActiveCfg = Debug|Any CPU
		{4BEAF6DA-CCF3-47CF-B4A8-32C3B8A1AFA5}.Debug|ARM.Build.0 = Debug|Any CPU
		{4BEAF6DA-CCF3-47CF-B4A8-32C3B8A1AFA5}.Debug|iPhone.ActiveCfg = Debug|Any CPU
		{4BEAF6DA-CCF3-47CF-B4A8-32C3B8A1AFA5}.Debug|iPhone.Build.0 = Debug|Any CPU
		{4BEAF6DA-CCF3-47CF-B4A8-32C3B8A1AFA5}.Debug|iPhoneSimulator.ActiveCfg = Debug|Any CPU
		{4BEAF6DA-CCF3-47CF-B4A8-32C3B8A1AFA5}.Debug|iPhoneSimulator.Build.0 = Debug|Any CPU
		{4BEAF6DA-CCF3-47CF-B4A8-32C3B8A1AFA5}.Debug|x64.ActiveCfg = Debug|Any CPU
		{4BEAF6DA-CCF3-47CF-B4A8-32C3B8A1AFA5}.Debug|x64.Build.0 = Debug|Any CPU
		{4BEAF6DA-CCF3-47CF-B4A8-32C3B8A1AFA5}.Debug|x86.ActiveCfg = Debug|Any CPU
		{4BEAF6DA-CCF3-47CF-B4A8-32C3B8A1AFA5}.Debug|x86.Build.0 = Debug|Any CPU
		{4BEAF6DA-CCF3-47CF-B4A8-32C3B8A1AFA5}.Release|Any CPU.ActiveCfg = Release|Any CPU
		{4BEAF6DA-CCF3-47CF-B4A8-32C3B8A1AFA5}.Release|Any CPU.Build.0 = Release|Any CPU
		{4BEAF6DA-CCF3-47CF-B4A8-32C3B8A1AFA5}.Release|ARM.ActiveCfg = Release|Any CPU
		{4BEAF6DA-CCF3-47CF-B4A8-32C3B8A1AFA5}.Release|ARM.Build.0 = Release|Any CPU
		{4BEAF6DA-CCF3-47CF-B4A8-32C3B8A1AFA5}.Release|iPhone.ActiveCfg = Release|Any CPU
		{4BEAF6DA-CCF3-47CF-B4A8-32C3B8A1AFA5}.Release|iPhone.Build.0 = Release|Any CPU
		{4BEAF6DA-CCF3-47CF-B4A8-32C3B8A1AFA5}.Release|iPhoneSimulator.ActiveCfg = Release|Any CPU
		{4BEAF6DA-CCF3-47CF-B4A8-32C3B8A1AFA5}.Release|iPhoneSimulator.Build.0 = Release|Any CPU
		{4BEAF6DA-CCF3-47CF-B4A8-32C3B8A1AFA5}.Release|x64.ActiveCfg = Release|Any CPU
		{4BEAF6DA-CCF3-47CF-B4A8-32C3B8A1AFA5}.Release|x64.Build.0 = Release|Any CPU
		{4BEAF6DA-CCF3-47CF-B4A8-32C3B8A1AFA5}.Release|x86.ActiveCfg = Release|Any CPU
		{4BEAF6DA-CCF3-47CF-B4A8-32C3B8A1AFA5}.Release|x86.Build.0 = Release|Any CPU
		{B310868D-51C3-4CC7-9588-B06ADB2D6C46}.Ad-Hoc|Any CPU.ActiveCfg = Release|Any CPU
		{B310868D-51C3-4CC7-9588-B06ADB2D6C46}.Ad-Hoc|Any CPU.Build.0 = Release|Any CPU
		{B310868D-51C3-4CC7-9588-B06ADB2D6C46}.Ad-Hoc|ARM.ActiveCfg = Release|Any CPU
		{B310868D-51C3-4CC7-9588-B06ADB2D6C46}.Ad-Hoc|ARM.Build.0 = Release|Any CPU
		{B310868D-51C3-4CC7-9588-B06ADB2D6C46}.Ad-Hoc|iPhone.ActiveCfg = Release|Any CPU
		{B310868D-51C3-4CC7-9588-B06ADB2D6C46}.Ad-Hoc|iPhone.Build.0 = Release|Any CPU
		{B310868D-51C3-4CC7-9588-B06ADB2D6C46}.Ad-Hoc|iPhoneSimulator.ActiveCfg = Release|Any CPU
		{B310868D-51C3-4CC7-9588-B06ADB2D6C46}.Ad-Hoc|iPhoneSimulator.Build.0 = Release|Any CPU
		{B310868D-51C3-4CC7-9588-B06ADB2D6C46}.Ad-Hoc|x64.ActiveCfg = Release|Any CPU
		{B310868D-51C3-4CC7-9588-B06ADB2D6C46}.Ad-Hoc|x64.Build.0 = Release|Any CPU
		{B310868D-51C3-4CC7-9588-B06ADB2D6C46}.Ad-Hoc|x86.ActiveCfg = Release|Any CPU
		{B310868D-51C3-4CC7-9588-B06ADB2D6C46}.Ad-Hoc|x86.Build.0 = Release|Any CPU
		{B310868D-51C3-4CC7-9588-B06ADB2D6C46}.AppStore|Any CPU.ActiveCfg = Release|Any CPU
		{B310868D-51C3-4CC7-9588-B06ADB2D6C46}.AppStore|Any CPU.Build.0 = Release|Any CPU
		{B310868D-51C3-4CC7-9588-B06ADB2D6C46}.AppStore|ARM.ActiveCfg = Release|Any CPU
		{B310868D-51C3-4CC7-9588-B06ADB2D6C46}.AppStore|ARM.Build.0 = Release|Any CPU
		{B310868D-51C3-4CC7-9588-B06ADB2D6C46}.AppStore|iPhone.ActiveCfg = Release|Any CPU
		{B310868D-51C3-4CC7-9588-B06ADB2D6C46}.AppStore|iPhone.Build.0 = Release|Any CPU
		{B310868D-51C3-4CC7-9588-B06ADB2D6C46}.AppStore|iPhoneSimulator.ActiveCfg = Release|Any CPU
		{B310868D-51C3-4CC7-9588-B06ADB2D6C46}.AppStore|iPhoneSimulator.Build.0 = Release|Any CPU
		{B310868D-51C3-4CC7-9588-B06ADB2D6C46}.AppStore|x64.ActiveCfg = Release|Any CPU
		{B310868D-51C3-4CC7-9588-B06ADB2D6C46}.AppStore|x64.Build.0 = Release|Any CPU
		{B310868D-51C3-4CC7-9588-B06ADB2D6C46}.AppStore|x86.ActiveCfg = Release|Any CPU
		{B310868D-51C3-4CC7-9588-B06ADB2D6C46}.AppStore|x86.Build.0 = Release|Any CPU
		{B310868D-51C3-4CC7-9588-B06ADB2D6C46}.Debug|Any CPU.ActiveCfg = Debug|Any CPU
		{B310868D-51C3-4CC7-9588-B06ADB2D6C46}.Debug|Any CPU.Build.0 = Debug|Any CPU
		{B310868D-51C3-4CC7-9588-B06ADB2D6C46}.Debug|ARM.ActiveCfg = Debug|Any CPU
		{B310868D-51C3-4CC7-9588-B06ADB2D6C46}.Debug|ARM.Build.0 = Debug|Any CPU
		{B310868D-51C3-4CC7-9588-B06ADB2D6C46}.Debug|iPhone.ActiveCfg = Debug|Any CPU
		{B310868D-51C3-4CC7-9588-B06ADB2D6C46}.Debug|iPhone.Build.0 = Debug|Any CPU
		{B310868D-51C3-4CC7-9588-B06ADB2D6C46}.Debug|iPhoneSimulator.ActiveCfg = Debug|Any CPU
		{B310868D-51C3-4CC7-9588-B06ADB2D6C46}.Debug|iPhoneSimulator.Build.0 = Debug|Any CPU
		{B310868D-51C3-4CC7-9588-B06ADB2D6C46}.Debug|x64.ActiveCfg = Debug|Any CPU
		{B310868D-51C3-4CC7-9588-B06ADB2D6C46}.Debug|x64.Build.0 = Debug|Any CPU
		{B310868D-51C3-4CC7-9588-B06ADB2D6C46}.Debug|x86.ActiveCfg = Debug|Any CPU
		{B310868D-51C3-4CC7-9588-B06ADB2D6C46}.Debug|x86.Build.0 = Debug|Any CPU
		{B310868D-51C3-4CC7-9588-B06ADB2D6C46}.Release|Any CPU.ActiveCfg = Release|Any CPU
		{B310868D-51C3-4CC7-9588-B06ADB2D6C46}.Release|Any CPU.Build.0 = Release|Any CPU
		{B310868D-51C3-4CC7-9588-B06ADB2D6C46}.Release|ARM.ActiveCfg = Release|Any CPU
		{B310868D-51C3-4CC7-9588-B06ADB2D6C46}.Release|ARM.Build.0 = Release|Any CPU
		{B310868D-51C3-4CC7-9588-B06ADB2D6C46}.Release|iPhone.ActiveCfg = Release|Any CPU
		{B310868D-51C3-4CC7-9588-B06ADB2D6C46}.Release|iPhone.Build.0 = Release|Any CPU
		{B310868D-51C3-4CC7-9588-B06ADB2D6C46}.Release|iPhoneSimulator.ActiveCfg = Release|Any CPU
		{B310868D-51C3-4CC7-9588-B06ADB2D6C46}.Release|iPhoneSimulator.Build.0 = Release|Any CPU
		{B310868D-51C3-4CC7-9588-B06ADB2D6C46}.Release|x64.ActiveCfg = Release|Any CPU
		{B310868D-51C3-4CC7-9588-B06ADB2D6C46}.Release|x64.Build.0 = Release|Any CPU
		{B310868D-51C3-4CC7-9588-B06ADB2D6C46}.Release|x86.ActiveCfg = Release|Any CPU
		{B310868D-51C3-4CC7-9588-B06ADB2D6C46}.Release|x86.Build.0 = Release|Any CPU
		{EF41C27D-5496-468B-B703-DB8378825E07}.Ad-Hoc|Any CPU.ActiveCfg = Release|Any CPU
		{EF41C27D-5496-468B-B703-DB8378825E07}.Ad-Hoc|Any CPU.Build.0 = Release|Any CPU
		{EF41C27D-5496-468B-B703-DB8378825E07}.Ad-Hoc|ARM.ActiveCfg = Release|Any CPU
		{EF41C27D-5496-468B-B703-DB8378825E07}.Ad-Hoc|ARM.Build.0 = Release|Any CPU
		{EF41C27D-5496-468B-B703-DB8378825E07}.Ad-Hoc|iPhone.ActiveCfg = Release|Any CPU
		{EF41C27D-5496-468B-B703-DB8378825E07}.Ad-Hoc|iPhone.Build.0 = Release|Any CPU
		{EF41C27D-5496-468B-B703-DB8378825E07}.Ad-Hoc|iPhoneSimulator.ActiveCfg = Release|Any CPU
		{EF41C27D-5496-468B-B703-DB8378825E07}.Ad-Hoc|iPhoneSimulator.Build.0 = Release|Any CPU
		{EF41C27D-5496-468B-B703-DB8378825E07}.Ad-Hoc|x64.ActiveCfg = Release|Any CPU
		{EF41C27D-5496-468B-B703-DB8378825E07}.Ad-Hoc|x64.Build.0 = Release|Any CPU
		{EF41C27D-5496-468B-B703-DB8378825E07}.Ad-Hoc|x86.ActiveCfg = Release|Any CPU
		{EF41C27D-5496-468B-B703-DB8378825E07}.Ad-Hoc|x86.Build.0 = Release|Any CPU
		{EF41C27D-5496-468B-B703-DB8378825E07}.AppStore|Any CPU.ActiveCfg = Release|Any CPU
		{EF41C27D-5496-468B-B703-DB8378825E07}.AppStore|Any CPU.Build.0 = Release|Any CPU
		{EF41C27D-5496-468B-B703-DB8378825E07}.AppStore|ARM.ActiveCfg = Release|Any CPU
		{EF41C27D-5496-468B-B703-DB8378825E07}.AppStore|ARM.Build.0 = Release|Any CPU
		{EF41C27D-5496-468B-B703-DB8378825E07}.AppStore|iPhone.ActiveCfg = Release|Any CPU
		{EF41C27D-5496-468B-B703-DB8378825E07}.AppStore|iPhone.Build.0 = Release|Any CPU
		{EF41C27D-5496-468B-B703-DB8378825E07}.AppStore|iPhoneSimulator.ActiveCfg = Release|Any CPU
		{EF41C27D-5496-468B-B703-DB8378825E07}.AppStore|iPhoneSimulator.Build.0 = Release|Any CPU
		{EF41C27D-5496-468B-B703-DB8378825E07}.AppStore|x64.ActiveCfg = Release|Any CPU
		{EF41C27D-5496-468B-B703-DB8378825E07}.AppStore|x64.Build.0 = Release|Any CPU
		{EF41C27D-5496-468B-B703-DB8378825E07}.AppStore|x86.ActiveCfg = Release|Any CPU
		{EF41C27D-5496-468B-B703-DB8378825E07}.AppStore|x86.Build.0 = Release|Any CPU
		{EF41C27D-5496-468B-B703-DB8378825E07}.Debug|Any CPU.ActiveCfg = Debug|Any CPU
		{EF41C27D-5496-468B-B703-DB8378825E07}.Debug|Any CPU.Build.0 = Debug|Any CPU
		{EF41C27D-5496-468B-B703-DB8378825E07}.Debug|Any CPU.Deploy.0 = Debug|Any CPU
		{EF41C27D-5496-468B-B703-DB8378825E07}.Debug|ARM.ActiveCfg = Debug|Any CPU
		{EF41C27D-5496-468B-B703-DB8378825E07}.Debug|ARM.Build.0 = Debug|Any CPU
		{EF41C27D-5496-468B-B703-DB8378825E07}.Debug|iPhone.ActiveCfg = Debug|Any CPU
		{EF41C27D-5496-468B-B703-DB8378825E07}.Debug|iPhone.Build.0 = Debug|Any CPU
		{EF41C27D-5496-468B-B703-DB8378825E07}.Debug|iPhoneSimulator.ActiveCfg = Debug|Any CPU
		{EF41C27D-5496-468B-B703-DB8378825E07}.Debug|iPhoneSimulator.Build.0 = Debug|Any CPU
		{EF41C27D-5496-468B-B703-DB8378825E07}.Debug|x64.ActiveCfg = Debug|Any CPU
		{EF41C27D-5496-468B-B703-DB8378825E07}.Debug|x64.Build.0 = Debug|Any CPU
		{EF41C27D-5496-468B-B703-DB8378825E07}.Debug|x86.ActiveCfg = Debug|Any CPU
		{EF41C27D-5496-468B-B703-DB8378825E07}.Debug|x86.Build.0 = Debug|Any CPU
		{EF41C27D-5496-468B-B703-DB8378825E07}.Release|Any CPU.ActiveCfg = Release|Any CPU
		{EF41C27D-5496-468B-B703-DB8378825E07}.Release|Any CPU.Build.0 = Release|Any CPU
		{EF41C27D-5496-468B-B703-DB8378825E07}.Release|Any CPU.Deploy.0 = Release|Any CPU
		{EF41C27D-5496-468B-B703-DB8378825E07}.Release|ARM.ActiveCfg = Release|Any CPU
		{EF41C27D-5496-468B-B703-DB8378825E07}.Release|ARM.Build.0 = Release|Any CPU
		{EF41C27D-5496-468B-B703-DB8378825E07}.Release|iPhone.ActiveCfg = Release|Any CPU
		{EF41C27D-5496-468B-B703-DB8378825E07}.Release|iPhone.Build.0 = Release|Any CPU
		{EF41C27D-5496-468B-B703-DB8378825E07}.Release|iPhoneSimulator.ActiveCfg = Release|Any CPU
		{EF41C27D-5496-468B-B703-DB8378825E07}.Release|iPhoneSimulator.Build.0 = Release|Any CPU
		{EF41C27D-5496-468B-B703-DB8378825E07}.Release|x64.ActiveCfg = Release|Any CPU
		{EF41C27D-5496-468B-B703-DB8378825E07}.Release|x64.Build.0 = Release|Any CPU
		{EF41C27D-5496-468B-B703-DB8378825E07}.Release|x86.ActiveCfg = Release|Any CPU
		{EF41C27D-5496-468B-B703-DB8378825E07}.Release|x86.Build.0 = Release|Any CPU
		{300B0D65-9F32-4671-8EC9-A20C47495414}.Ad-Hoc|Any CPU.ActiveCfg = Release|Any CPU
		{300B0D65-9F32-4671-8EC9-A20C47495414}.Ad-Hoc|Any CPU.Build.0 = Release|Any CPU
		{300B0D65-9F32-4671-8EC9-A20C47495414}.Ad-Hoc|ARM.ActiveCfg = Release|Any CPU
		{300B0D65-9F32-4671-8EC9-A20C47495414}.Ad-Hoc|ARM.Build.0 = Release|Any CPU
		{300B0D65-9F32-4671-8EC9-A20C47495414}.Ad-Hoc|iPhone.ActiveCfg = Release|Any CPU
		{300B0D65-9F32-4671-8EC9-A20C47495414}.Ad-Hoc|iPhone.Build.0 = Release|Any CPU
		{300B0D65-9F32-4671-8EC9-A20C47495414}.Ad-Hoc|iPhoneSimulator.ActiveCfg = Release|Any CPU
		{300B0D65-9F32-4671-8EC9-A20C47495414}.Ad-Hoc|iPhoneSimulator.Build.0 = Release|Any CPU
		{300B0D65-9F32-4671-8EC9-A20C47495414}.Ad-Hoc|x64.ActiveCfg = Release|Any CPU
		{300B0D65-9F32-4671-8EC9-A20C47495414}.Ad-Hoc|x64.Build.0 = Release|Any CPU
		{300B0D65-9F32-4671-8EC9-A20C47495414}.Ad-Hoc|x86.ActiveCfg = Release|Any CPU
		{300B0D65-9F32-4671-8EC9-A20C47495414}.Ad-Hoc|x86.Build.0 = Release|Any CPU
		{300B0D65-9F32-4671-8EC9-A20C47495414}.AppStore|Any CPU.ActiveCfg = Release|Any CPU
		{300B0D65-9F32-4671-8EC9-A20C47495414}.AppStore|Any CPU.Build.0 = Release|Any CPU
		{300B0D65-9F32-4671-8EC9-A20C47495414}.AppStore|ARM.ActiveCfg = Release|Any CPU
		{300B0D65-9F32-4671-8EC9-A20C47495414}.AppStore|ARM.Build.0 = Release|Any CPU
		{300B0D65-9F32-4671-8EC9-A20C47495414}.AppStore|iPhone.ActiveCfg = Release|Any CPU
		{300B0D65-9F32-4671-8EC9-A20C47495414}.AppStore|iPhone.Build.0 = Release|Any CPU
		{300B0D65-9F32-4671-8EC9-A20C47495414}.AppStore|iPhoneSimulator.ActiveCfg = Release|Any CPU
		{300B0D65-9F32-4671-8EC9-A20C47495414}.AppStore|iPhoneSimulator.Build.0 = Release|Any CPU
		{300B0D65-9F32-4671-8EC9-A20C47495414}.AppStore|x64.ActiveCfg = Release|Any CPU
		{300B0D65-9F32-4671-8EC9-A20C47495414}.AppStore|x64.Build.0 = Release|Any CPU
		{300B0D65-9F32-4671-8EC9-A20C47495414}.AppStore|x86.ActiveCfg = Release|Any CPU
		{300B0D65-9F32-4671-8EC9-A20C47495414}.AppStore|x86.Build.0 = Release|Any CPU
		{300B0D65-9F32-4671-8EC9-A20C47495414}.Debug|Any CPU.ActiveCfg = Debug|Any CPU
		{300B0D65-9F32-4671-8EC9-A20C47495414}.Debug|Any CPU.Build.0 = Debug|Any CPU
		{300B0D65-9F32-4671-8EC9-A20C47495414}.Debug|ARM.ActiveCfg = Debug|Any CPU
		{300B0D65-9F32-4671-8EC9-A20C47495414}.Debug|ARM.Build.0 = Debug|Any CPU
		{300B0D65-9F32-4671-8EC9-A20C47495414}.Debug|iPhone.ActiveCfg = Debug|Any CPU
		{300B0D65-9F32-4671-8EC9-A20C47495414}.Debug|iPhone.Build.0 = Debug|Any CPU
		{300B0D65-9F32-4671-8EC9-A20C47495414}.Debug|iPhoneSimulator.ActiveCfg = Debug|Any CPU
		{300B0D65-9F32-4671-8EC9-A20C47495414}.Debug|iPhoneSimulator.Build.0 = Debug|Any CPU
		{300B0D65-9F32-4671-8EC9-A20C47495414}.Debug|x64.ActiveCfg = Debug|Any CPU
		{300B0D65-9F32-4671-8EC9-A20C47495414}.Debug|x64.Build.0 = Debug|Any CPU
		{300B0D65-9F32-4671-8EC9-A20C47495414}.Debug|x86.ActiveCfg = Debug|Any CPU
		{300B0D65-9F32-4671-8EC9-A20C47495414}.Debug|x86.Build.0 = Debug|Any CPU
		{300B0D65-9F32-4671-8EC9-A20C47495414}.Release|Any CPU.ActiveCfg = Release|Any CPU
		{300B0D65-9F32-4671-8EC9-A20C47495414}.Release|Any CPU.Build.0 = Release|Any CPU
		{300B0D65-9F32-4671-8EC9-A20C47495414}.Release|ARM.ActiveCfg = Release|Any CPU
		{300B0D65-9F32-4671-8EC9-A20C47495414}.Release|ARM.Build.0 = Release|Any CPU
		{300B0D65-9F32-4671-8EC9-A20C47495414}.Release|iPhone.ActiveCfg = Release|Any CPU
		{300B0D65-9F32-4671-8EC9-A20C47495414}.Release|iPhone.Build.0 = Release|Any CPU
		{300B0D65-9F32-4671-8EC9-A20C47495414}.Release|iPhoneSimulator.ActiveCfg = Release|Any CPU
		{300B0D65-9F32-4671-8EC9-A20C47495414}.Release|iPhoneSimulator.Build.0 = Release|Any CPU
		{300B0D65-9F32-4671-8EC9-A20C47495414}.Release|x64.ActiveCfg = Release|Any CPU
		{300B0D65-9F32-4671-8EC9-A20C47495414}.Release|x64.Build.0 = Release|Any CPU
		{300B0D65-9F32-4671-8EC9-A20C47495414}.Release|x86.ActiveCfg = Release|Any CPU
		{300B0D65-9F32-4671-8EC9-A20C47495414}.Release|x86.Build.0 = Release|Any CPU
		{34F12A9B-DB9D-4B1C-A485-50330338B296}.Ad-Hoc|Any CPU.ActiveCfg = Release|x64
		{34F12A9B-DB9D-4B1C-A485-50330338B296}.Ad-Hoc|Any CPU.Build.0 = Release|x64
		{34F12A9B-DB9D-4B1C-A485-50330338B296}.Ad-Hoc|Any CPU.Deploy.0 = Release|x64
		{34F12A9B-DB9D-4B1C-A485-50330338B296}.Ad-Hoc|ARM.ActiveCfg = Release|ARM
		{34F12A9B-DB9D-4B1C-A485-50330338B296}.Ad-Hoc|ARM.Build.0 = Release|ARM
		{34F12A9B-DB9D-4B1C-A485-50330338B296}.Ad-Hoc|ARM.Deploy.0 = Release|ARM
		{34F12A9B-DB9D-4B1C-A485-50330338B296}.Ad-Hoc|ARM64.ActiveCfg = Release|ARM64
		{34F12A9B-DB9D-4B1C-A485-50330338B296}.Ad-Hoc|ARM64.Build.0 = Release|ARM64
		{34F12A9B-DB9D-4B1C-A485-50330338B296}.Ad-Hoc|ARM64.Deploy.0 = Release|ARM64
		{34F12A9B-DB9D-4B1C-A485-50330338B296}.Ad-Hoc|iPhone.ActiveCfg = Release|x64
		{34F12A9B-DB9D-4B1C-A485-50330338B296}.Ad-Hoc|iPhone.Build.0 = Release|x64
		{34F12A9B-DB9D-4B1C-A485-50330338B296}.Ad-Hoc|iPhone.Deploy.0 = Release|x64
		{34F12A9B-DB9D-4B1C-A485-50330338B296}.Ad-Hoc|iPhoneSimulator.ActiveCfg = Release|x64
		{34F12A9B-DB9D-4B1C-A485-50330338B296}.Ad-Hoc|iPhoneSimulator.Build.0 = Release|x64
		{34F12A9B-DB9D-4B1C-A485-50330338B296}.Ad-Hoc|iPhoneSimulator.Deploy.0 = Release|x64
		{34F12A9B-DB9D-4B1C-A485-50330338B296}.Ad-Hoc|x64.ActiveCfg = Release|x64
		{34F12A9B-DB9D-4B1C-A485-50330338B296}.Ad-Hoc|x64.Build.0 = Release|x64
		{34F12A9B-DB9D-4B1C-A485-50330338B296}.Ad-Hoc|x64.Deploy.0 = Release|x64
		{34F12A9B-DB9D-4B1C-A485-50330338B296}.Ad-Hoc|x86.ActiveCfg = Release|x86
		{34F12A9B-DB9D-4B1C-A485-50330338B296}.Ad-Hoc|x86.Build.0 = Release|x86
		{34F12A9B-DB9D-4B1C-A485-50330338B296}.Ad-Hoc|x86.Deploy.0 = Release|x86
		{34F12A9B-DB9D-4B1C-A485-50330338B296}.AppStore|Any CPU.ActiveCfg = Release|x64
		{34F12A9B-DB9D-4B1C-A485-50330338B296}.AppStore|Any CPU.Build.0 = Release|x64
		{34F12A9B-DB9D-4B1C-A485-50330338B296}.AppStore|Any CPU.Deploy.0 = Release|x64
		{34F12A9B-DB9D-4B1C-A485-50330338B296}.AppStore|ARM.ActiveCfg = Release|ARM
		{34F12A9B-DB9D-4B1C-A485-50330338B296}.AppStore|ARM.Build.0 = Release|ARM
		{34F12A9B-DB9D-4B1C-A485-50330338B296}.AppStore|ARM.Deploy.0 = Release|ARM
		{34F12A9B-DB9D-4B1C-A485-50330338B296}.AppStore|ARM64.ActiveCfg = Release|ARM64
		{34F12A9B-DB9D-4B1C-A485-50330338B296}.AppStore|ARM64.Build.0 = Release|ARM64
		{34F12A9B-DB9D-4B1C-A485-50330338B296}.AppStore|ARM64.Deploy.0 = Release|ARM64
		{34F12A9B-DB9D-4B1C-A485-50330338B296}.AppStore|iPhone.ActiveCfg = Release|x64
		{34F12A9B-DB9D-4B1C-A485-50330338B296}.AppStore|iPhone.Build.0 = Release|x64
		{34F12A9B-DB9D-4B1C-A485-50330338B296}.AppStore|iPhone.Deploy.0 = Release|x64
		{34F12A9B-DB9D-4B1C-A485-50330338B296}.AppStore|iPhoneSimulator.ActiveCfg = Release|x64
		{34F12A9B-DB9D-4B1C-A485-50330338B296}.AppStore|iPhoneSimulator.Build.0 = Release|x64
		{34F12A9B-DB9D-4B1C-A485-50330338B296}.AppStore|iPhoneSimulator.Deploy.0 = Release|x64
		{34F12A9B-DB9D-4B1C-A485-50330338B296}.AppStore|x64.ActiveCfg = Release|x64
		{34F12A9B-DB9D-4B1C-A485-50330338B296}.AppStore|x64.Build.0 = Release|x64
		{34F12A9B-DB9D-4B1C-A485-50330338B296}.AppStore|x64.Deploy.0 = Release|x64
		{34F12A9B-DB9D-4B1C-A485-50330338B296}.AppStore|x86.ActiveCfg = Release|x86
		{34F12A9B-DB9D-4B1C-A485-50330338B296}.AppStore|x86.Build.0 = Release|x86
		{34F12A9B-DB9D-4B1C-A485-50330338B296}.AppStore|x86.Deploy.0 = Release|x86
		{34F12A9B-DB9D-4B1C-A485-50330338B296}.Debug|Any CPU.ActiveCfg = Debug|x86
		{34F12A9B-DB9D-4B1C-A485-50330338B296}.Debug|ARM.ActiveCfg = Debug|ARM
		{34F12A9B-DB9D-4B1C-A485-50330338B296}.Debug|ARM.Build.0 = Debug|ARM
		{34F12A9B-DB9D-4B1C-A485-50330338B296}.Debug|ARM.Deploy.0 = Debug|ARM
		{34F12A9B-DB9D-4B1C-A485-50330338B296}.Debug|ARM64.ActiveCfg = Debug|ARM64
		{34F12A9B-DB9D-4B1C-A485-50330338B296}.Debug|ARM64.Build.0 = Debug|ARM64
		{34F12A9B-DB9D-4B1C-A485-50330338B296}.Debug|ARM64.Deploy.0 = Debug|ARM64
		{34F12A9B-DB9D-4B1C-A485-50330338B296}.Debug|iPhone.ActiveCfg = Debug|x86
		{34F12A9B-DB9D-4B1C-A485-50330338B296}.Debug|iPhoneSimulator.ActiveCfg = Debug|x86
		{34F12A9B-DB9D-4B1C-A485-50330338B296}.Debug|x64.ActiveCfg = Debug|x64
		{34F12A9B-DB9D-4B1C-A485-50330338B296}.Debug|x64.Build.0 = Debug|x64
		{34F12A9B-DB9D-4B1C-A485-50330338B296}.Debug|x64.Deploy.0 = Debug|x64
		{34F12A9B-DB9D-4B1C-A485-50330338B296}.Debug|x86.ActiveCfg = Debug|x86
		{34F12A9B-DB9D-4B1C-A485-50330338B296}.Debug|x86.Build.0 = Debug|x86
		{34F12A9B-DB9D-4B1C-A485-50330338B296}.Debug|x86.Deploy.0 = Debug|x86
		{34F12A9B-DB9D-4B1C-A485-50330338B296}.Release|Any CPU.ActiveCfg = Release|x86
		{34F12A9B-DB9D-4B1C-A485-50330338B296}.Release|ARM.ActiveCfg = Release|ARM
		{34F12A9B-DB9D-4B1C-A485-50330338B296}.Release|ARM.Build.0 = Release|ARM
		{34F12A9B-DB9D-4B1C-A485-50330338B296}.Release|ARM.Deploy.0 = Release|ARM
		{34F12A9B-DB9D-4B1C-A485-50330338B296}.Release|ARM64.ActiveCfg = Release|ARM64
		{34F12A9B-DB9D-4B1C-A485-50330338B296}.Release|ARM64.Build.0 = Release|ARM64
		{34F12A9B-DB9D-4B1C-A485-50330338B296}.Release|ARM64.Deploy.0 = Release|ARM64
		{34F12A9B-DB9D-4B1C-A485-50330338B296}.Release|iPhone.ActiveCfg = Release|x86
		{34F12A9B-DB9D-4B1C-A485-50330338B296}.Release|iPhoneSimulator.ActiveCfg = Release|x86
		{34F12A9B-DB9D-4B1C-A485-50330338B296}.Release|x64.ActiveCfg = Release|x64
		{34F12A9B-DB9D-4B1C-A485-50330338B296}.Release|x64.Build.0 = Release|x64
		{34F12A9B-DB9D-4B1C-A485-50330338B296}.Release|x64.Deploy.0 = Release|x64
		{34F12A9B-DB9D-4B1C-A485-50330338B296}.Release|x86.ActiveCfg = Release|x86
		{34F12A9B-DB9D-4B1C-A485-50330338B296}.Release|x86.Build.0 = Release|x86
		{34F12A9B-DB9D-4B1C-A485-50330338B296}.Release|x86.Deploy.0 = Release|x86
		{A58B2635-DA76-440C-A0A7-42976B4B89FE}.Ad-Hoc|Any CPU.ActiveCfg = Debug|Any CPU
		{A58B2635-DA76-440C-A0A7-42976B4B89FE}.Ad-Hoc|Any CPU.Build.0 = Debug|Any CPU
		{A58B2635-DA76-440C-A0A7-42976B4B89FE}.Ad-Hoc|ARM.ActiveCfg = Debug|Any CPU
		{A58B2635-DA76-440C-A0A7-42976B4B89FE}.Ad-Hoc|ARM.Build.0 = Debug|Any CPU
		{A58B2635-DA76-440C-A0A7-42976B4B89FE}.Ad-Hoc|iPhone.ActiveCfg = Debug|Any CPU
		{A58B2635-DA76-440C-A0A7-42976B4B89FE}.Ad-Hoc|iPhone.Build.0 = Debug|Any CPU
		{A58B2635-DA76-440C-A0A7-42976B4B89FE}.Ad-Hoc|iPhoneSimulator.ActiveCfg = Debug|Any CPU
		{A58B2635-DA76-440C-A0A7-42976B4B89FE}.Ad-Hoc|iPhoneSimulator.Build.0 = Debug|Any CPU
		{A58B2635-DA76-440C-A0A7-42976B4B89FE}.Ad-Hoc|x64.ActiveCfg = Debug|Any CPU
		{A58B2635-DA76-440C-A0A7-42976B4B89FE}.Ad-Hoc|x64.Build.0 = Debug|Any CPU
		{A58B2635-DA76-440C-A0A7-42976B4B89FE}.Ad-Hoc|x86.ActiveCfg = Debug|Any CPU
		{A58B2635-DA76-440C-A0A7-42976B4B89FE}.Ad-Hoc|x86.Build.0 = Debug|Any CPU
		{A58B2635-DA76-440C-A0A7-42976B4B89FE}.AppStore|Any CPU.ActiveCfg = Debug|Any CPU
		{A58B2635-DA76-440C-A0A7-42976B4B89FE}.AppStore|Any CPU.Build.0 = Debug|Any CPU
		{A58B2635-DA76-440C-A0A7-42976B4B89FE}.AppStore|ARM.ActiveCfg = Debug|Any CPU
		{A58B2635-DA76-440C-A0A7-42976B4B89FE}.AppStore|ARM.Build.0 = Debug|Any CPU
		{A58B2635-DA76-440C-A0A7-42976B4B89FE}.AppStore|iPhone.ActiveCfg = Debug|Any CPU
		{A58B2635-DA76-440C-A0A7-42976B4B89FE}.AppStore|iPhone.Build.0 = Debug|Any CPU
		{A58B2635-DA76-440C-A0A7-42976B4B89FE}.AppStore|iPhoneSimulator.ActiveCfg = Debug|Any CPU
		{A58B2635-DA76-440C-A0A7-42976B4B89FE}.AppStore|iPhoneSimulator.Build.0 = Debug|Any CPU
		{A58B2635-DA76-440C-A0A7-42976B4B89FE}.AppStore|x64.ActiveCfg = Debug|Any CPU
		{A58B2635-DA76-440C-A0A7-42976B4B89FE}.AppStore|x64.Build.0 = Debug|Any CPU
		{A58B2635-DA76-440C-A0A7-42976B4B89FE}.AppStore|x86.ActiveCfg = Debug|Any CPU
		{A58B2635-DA76-440C-A0A7-42976B4B89FE}.AppStore|x86.Build.0 = Debug|Any CPU
		{A58B2635-DA76-440C-A0A7-42976B4B89FE}.Debug|Any CPU.ActiveCfg = Debug|Any CPU
		{A58B2635-DA76-440C-A0A7-42976B4B89FE}.Debug|Any CPU.Build.0 = Debug|Any CPU
		{A58B2635-DA76-440C-A0A7-42976B4B89FE}.Debug|ARM.ActiveCfg = Debug|Any CPU
		{A58B2635-DA76-440C-A0A7-42976B4B89FE}.Debug|ARM.Build.0 = Debug|Any CPU
		{A58B2635-DA76-440C-A0A7-42976B4B89FE}.Debug|iPhone.ActiveCfg = Debug|Any CPU
		{A58B2635-DA76-440C-A0A7-42976B4B89FE}.Debug|iPhone.Build.0 = Debug|Any CPU
		{A58B2635-DA76-440C-A0A7-42976B4B89FE}.Debug|iPhoneSimulator.ActiveCfg = Debug|Any CPU
		{A58B2635-DA76-440C-A0A7-42976B4B89FE}.Debug|iPhoneSimulator.Build.0 = Debug|Any CPU
		{A58B2635-DA76-440C-A0A7-42976B4B89FE}.Debug|x64.ActiveCfg = Debug|Any CPU
		{A58B2635-DA76-440C-A0A7-42976B4B89FE}.Debug|x64.Build.0 = Debug|Any CPU
		{A58B2635-DA76-440C-A0A7-42976B4B89FE}.Debug|x86.ActiveCfg = Debug|Any CPU
		{A58B2635-DA76-440C-A0A7-42976B4B89FE}.Debug|x86.Build.0 = Debug|Any CPU
		{A58B2635-DA76-440C-A0A7-42976B4B89FE}.Release|Any CPU.ActiveCfg = Release|Any CPU
		{A58B2635-DA76-440C-A0A7-42976B4B89FE}.Release|Any CPU.Build.0 = Release|Any CPU
		{A58B2635-DA76-440C-A0A7-42976B4B89FE}.Release|ARM.ActiveCfg = Release|Any CPU
		{A58B2635-DA76-440C-A0A7-42976B4B89FE}.Release|ARM.Build.0 = Release|Any CPU
		{A58B2635-DA76-440C-A0A7-42976B4B89FE}.Release|iPhone.ActiveCfg = Release|Any CPU
		{A58B2635-DA76-440C-A0A7-42976B4B89FE}.Release|iPhone.Build.0 = Release|Any CPU
		{A58B2635-DA76-440C-A0A7-42976B4B89FE}.Release|iPhoneSimulator.ActiveCfg = Release|Any CPU
		{A58B2635-DA76-440C-A0A7-42976B4B89FE}.Release|iPhoneSimulator.Build.0 = Release|Any CPU
		{A58B2635-DA76-440C-A0A7-42976B4B89FE}.Release|x64.ActiveCfg = Release|Any CPU
		{A58B2635-DA76-440C-A0A7-42976B4B89FE}.Release|x64.Build.0 = Release|Any CPU
		{A58B2635-DA76-440C-A0A7-42976B4B89FE}.Release|x86.ActiveCfg = Release|Any CPU
		{A58B2635-DA76-440C-A0A7-42976B4B89FE}.Release|x86.Build.0 = Release|Any CPU
		{AB3EC68E-4723-4C65-B2D7-03E5BC79D9A7}.Ad-Hoc|Any CPU.ActiveCfg = Debug|Any CPU
		{AB3EC68E-4723-4C65-B2D7-03E5BC79D9A7}.Ad-Hoc|Any CPU.Build.0 = Debug|Any CPU
		{AB3EC68E-4723-4C65-B2D7-03E5BC79D9A7}.Ad-Hoc|ARM.ActiveCfg = Debug|Any CPU
		{AB3EC68E-4723-4C65-B2D7-03E5BC79D9A7}.Ad-Hoc|ARM.Build.0 = Debug|Any CPU
		{AB3EC68E-4723-4C65-B2D7-03E5BC79D9A7}.Ad-Hoc|iPhone.ActiveCfg = Debug|Any CPU
		{AB3EC68E-4723-4C65-B2D7-03E5BC79D9A7}.Ad-Hoc|iPhone.Build.0 = Debug|Any CPU
		{AB3EC68E-4723-4C65-B2D7-03E5BC79D9A7}.Ad-Hoc|iPhoneSimulator.ActiveCfg = Debug|Any CPU
		{AB3EC68E-4723-4C65-B2D7-03E5BC79D9A7}.Ad-Hoc|iPhoneSimulator.Build.0 = Debug|Any CPU
		{AB3EC68E-4723-4C65-B2D7-03E5BC79D9A7}.Ad-Hoc|x64.ActiveCfg = Debug|Any CPU
		{AB3EC68E-4723-4C65-B2D7-03E5BC79D9A7}.Ad-Hoc|x64.Build.0 = Debug|Any CPU
		{AB3EC68E-4723-4C65-B2D7-03E5BC79D9A7}.Ad-Hoc|x86.ActiveCfg = Debug|Any CPU
		{AB3EC68E-4723-4C65-B2D7-03E5BC79D9A7}.Ad-Hoc|x86.Build.0 = Debug|Any CPU
		{AB3EC68E-4723-4C65-B2D7-03E5BC79D9A7}.AppStore|Any CPU.ActiveCfg = Debug|Any CPU
		{AB3EC68E-4723-4C65-B2D7-03E5BC79D9A7}.AppStore|Any CPU.Build.0 = Debug|Any CPU
		{AB3EC68E-4723-4C65-B2D7-03E5BC79D9A7}.AppStore|ARM.ActiveCfg = Debug|Any CPU
		{AB3EC68E-4723-4C65-B2D7-03E5BC79D9A7}.AppStore|ARM.Build.0 = Debug|Any CPU
		{AB3EC68E-4723-4C65-B2D7-03E5BC79D9A7}.AppStore|iPhone.ActiveCfg = Debug|Any CPU
		{AB3EC68E-4723-4C65-B2D7-03E5BC79D9A7}.AppStore|iPhone.Build.0 = Debug|Any CPU
		{AB3EC68E-4723-4C65-B2D7-03E5BC79D9A7}.AppStore|iPhoneSimulator.ActiveCfg = Debug|Any CPU
		{AB3EC68E-4723-4C65-B2D7-03E5BC79D9A7}.AppStore|iPhoneSimulator.Build.0 = Debug|Any CPU
		{AB3EC68E-4723-4C65-B2D7-03E5BC79D9A7}.AppStore|x64.ActiveCfg = Debug|Any CPU
		{AB3EC68E-4723-4C65-B2D7-03E5BC79D9A7}.AppStore|x64.Build.0 = Debug|Any CPU
		{AB3EC68E-4723-4C65-B2D7-03E5BC79D9A7}.AppStore|x86.ActiveCfg = Debug|Any CPU
		{AB3EC68E-4723-4C65-B2D7-03E5BC79D9A7}.AppStore|x86.Build.0 = Debug|Any CPU
		{AB3EC68E-4723-4C65-B2D7-03E5BC79D9A7}.Debug|Any CPU.ActiveCfg = Debug|Any CPU
		{AB3EC68E-4723-4C65-B2D7-03E5BC79D9A7}.Debug|Any CPU.Build.0 = Debug|Any CPU
		{AB3EC68E-4723-4C65-B2D7-03E5BC79D9A7}.Debug|ARM.ActiveCfg = Debug|Any CPU
		{AB3EC68E-4723-4C65-B2D7-03E5BC79D9A7}.Debug|ARM.Build.0 = Debug|Any CPU
		{AB3EC68E-4723-4C65-B2D7-03E5BC79D9A7}.Debug|iPhone.ActiveCfg = Debug|Any CPU
		{AB3EC68E-4723-4C65-B2D7-03E5BC79D9A7}.Debug|iPhone.Build.0 = Debug|Any CPU
		{AB3EC68E-4723-4C65-B2D7-03E5BC79D9A7}.Debug|iPhoneSimulator.ActiveCfg = Debug|Any CPU
		{AB3EC68E-4723-4C65-B2D7-03E5BC79D9A7}.Debug|iPhoneSimulator.Build.0 = Debug|Any CPU
		{AB3EC68E-4723-4C65-B2D7-03E5BC79D9A7}.Debug|x64.ActiveCfg = Debug|Any CPU
		{AB3EC68E-4723-4C65-B2D7-03E5BC79D9A7}.Debug|x64.Build.0 = Debug|Any CPU
		{AB3EC68E-4723-4C65-B2D7-03E5BC79D9A7}.Debug|x86.ActiveCfg = Debug|Any CPU
		{AB3EC68E-4723-4C65-B2D7-03E5BC79D9A7}.Debug|x86.Build.0 = Debug|Any CPU
		{AB3EC68E-4723-4C65-B2D7-03E5BC79D9A7}.Release|Any CPU.ActiveCfg = Release|Any CPU
		{AB3EC68E-4723-4C65-B2D7-03E5BC79D9A7}.Release|Any CPU.Build.0 = Release|Any CPU
		{AB3EC68E-4723-4C65-B2D7-03E5BC79D9A7}.Release|ARM.ActiveCfg = Release|Any CPU
		{AB3EC68E-4723-4C65-B2D7-03E5BC79D9A7}.Release|ARM.Build.0 = Release|Any CPU
		{AB3EC68E-4723-4C65-B2D7-03E5BC79D9A7}.Release|iPhone.ActiveCfg = Release|Any CPU
		{AB3EC68E-4723-4C65-B2D7-03E5BC79D9A7}.Release|iPhone.Build.0 = Release|Any CPU
		{AB3EC68E-4723-4C65-B2D7-03E5BC79D9A7}.Release|iPhoneSimulator.ActiveCfg = Release|Any CPU
		{AB3EC68E-4723-4C65-B2D7-03E5BC79D9A7}.Release|iPhoneSimulator.Build.0 = Release|Any CPU
		{AB3EC68E-4723-4C65-B2D7-03E5BC79D9A7}.Release|x64.ActiveCfg = Release|Any CPU
		{AB3EC68E-4723-4C65-B2D7-03E5BC79D9A7}.Release|x64.Build.0 = Release|Any CPU
		{AB3EC68E-4723-4C65-B2D7-03E5BC79D9A7}.Release|x86.ActiveCfg = Release|Any CPU
		{AB3EC68E-4723-4C65-B2D7-03E5BC79D9A7}.Release|x86.Build.0 = Release|Any CPU
		{18CBC7FE-C643-45E8-83C0-CBEA23426893}.Ad-Hoc|Any CPU.ActiveCfg = Debug|Any CPU
		{18CBC7FE-C643-45E8-83C0-CBEA23426893}.Ad-Hoc|Any CPU.Build.0 = Debug|Any CPU
		{18CBC7FE-C643-45E8-83C0-CBEA23426893}.Ad-Hoc|ARM.ActiveCfg = Debug|Any CPU
		{18CBC7FE-C643-45E8-83C0-CBEA23426893}.Ad-Hoc|ARM.Build.0 = Debug|Any CPU
		{18CBC7FE-C643-45E8-83C0-CBEA23426893}.Ad-Hoc|iPhone.ActiveCfg = Debug|Any CPU
		{18CBC7FE-C643-45E8-83C0-CBEA23426893}.Ad-Hoc|iPhone.Build.0 = Debug|Any CPU
		{18CBC7FE-C643-45E8-83C0-CBEA23426893}.Ad-Hoc|iPhoneSimulator.ActiveCfg = Debug|Any CPU
		{18CBC7FE-C643-45E8-83C0-CBEA23426893}.Ad-Hoc|iPhoneSimulator.Build.0 = Debug|Any CPU
		{18CBC7FE-C643-45E8-83C0-CBEA23426893}.Ad-Hoc|x64.ActiveCfg = Debug|Any CPU
		{18CBC7FE-C643-45E8-83C0-CBEA23426893}.Ad-Hoc|x64.Build.0 = Debug|Any CPU
		{18CBC7FE-C643-45E8-83C0-CBEA23426893}.Ad-Hoc|x86.ActiveCfg = Debug|Any CPU
		{18CBC7FE-C643-45E8-83C0-CBEA23426893}.Ad-Hoc|x86.Build.0 = Debug|Any CPU
		{18CBC7FE-C643-45E8-83C0-CBEA23426893}.AppStore|Any CPU.ActiveCfg = Debug|Any CPU
		{18CBC7FE-C643-45E8-83C0-CBEA23426893}.AppStore|Any CPU.Build.0 = Debug|Any CPU
		{18CBC7FE-C643-45E8-83C0-CBEA23426893}.AppStore|ARM.ActiveCfg = Debug|Any CPU
		{18CBC7FE-C643-45E8-83C0-CBEA23426893}.AppStore|ARM.Build.0 = Debug|Any CPU
		{18CBC7FE-C643-45E8-83C0-CBEA23426893}.AppStore|iPhone.ActiveCfg = Debug|Any CPU
		{18CBC7FE-C643-45E8-83C0-CBEA23426893}.AppStore|iPhone.Build.0 = Debug|Any CPU
		{18CBC7FE-C643-45E8-83C0-CBEA23426893}.AppStore|iPhoneSimulator.ActiveCfg = Debug|Any CPU
		{18CBC7FE-C643-45E8-83C0-CBEA23426893}.AppStore|iPhoneSimulator.Build.0 = Debug|Any CPU
		{18CBC7FE-C643-45E8-83C0-CBEA23426893}.AppStore|x64.ActiveCfg = Debug|Any CPU
		{18CBC7FE-C643-45E8-83C0-CBEA23426893}.AppStore|x64.Build.0 = Debug|Any CPU
		{18CBC7FE-C643-45E8-83C0-CBEA23426893}.AppStore|x86.ActiveCfg = Debug|Any CPU
		{18CBC7FE-C643-45E8-83C0-CBEA23426893}.AppStore|x86.Build.0 = Debug|Any CPU
		{18CBC7FE-C643-45E8-83C0-CBEA23426893}.Debug|Any CPU.ActiveCfg = Debug|Any CPU
		{18CBC7FE-C643-45E8-83C0-CBEA23426893}.Debug|Any CPU.Build.0 = Debug|Any CPU
		{18CBC7FE-C643-45E8-83C0-CBEA23426893}.Debug|ARM.ActiveCfg = Debug|Any CPU
		{18CBC7FE-C643-45E8-83C0-CBEA23426893}.Debug|ARM.Build.0 = Debug|Any CPU
		{18CBC7FE-C643-45E8-83C0-CBEA23426893}.Debug|iPhone.ActiveCfg = Debug|Any CPU
		{18CBC7FE-C643-45E8-83C0-CBEA23426893}.Debug|iPhone.Build.0 = Debug|Any CPU
		{18CBC7FE-C643-45E8-83C0-CBEA23426893}.Debug|iPhoneSimulator.ActiveCfg = Debug|Any CPU
		{18CBC7FE-C643-45E8-83C0-CBEA23426893}.Debug|iPhoneSimulator.Build.0 = Debug|Any CPU
		{18CBC7FE-C643-45E8-83C0-CBEA23426893}.Debug|x64.ActiveCfg = Debug|Any CPU
		{18CBC7FE-C643-45E8-83C0-CBEA23426893}.Debug|x64.Build.0 = Debug|Any CPU
		{18CBC7FE-C643-45E8-83C0-CBEA23426893}.Debug|x86.ActiveCfg = Debug|Any CPU
		{18CBC7FE-C643-45E8-83C0-CBEA23426893}.Debug|x86.Build.0 = Debug|Any CPU
		{18CBC7FE-C643-45E8-83C0-CBEA23426893}.Release|Any CPU.ActiveCfg = Release|Any CPU
		{18CBC7FE-C643-45E8-83C0-CBEA23426893}.Release|Any CPU.Build.0 = Release|Any CPU
		{18CBC7FE-C643-45E8-83C0-CBEA23426893}.Release|ARM.ActiveCfg = Release|Any CPU
		{18CBC7FE-C643-45E8-83C0-CBEA23426893}.Release|ARM.Build.0 = Release|Any CPU
		{18CBC7FE-C643-45E8-83C0-CBEA23426893}.Release|iPhone.ActiveCfg = Release|Any CPU
		{18CBC7FE-C643-45E8-83C0-CBEA23426893}.Release|iPhone.Build.0 = Release|Any CPU
		{18CBC7FE-C643-45E8-83C0-CBEA23426893}.Release|iPhoneSimulator.ActiveCfg = Release|Any CPU
		{18CBC7FE-C643-45E8-83C0-CBEA23426893}.Release|iPhoneSimulator.Build.0 = Release|Any CPU
		{18CBC7FE-C643-45E8-83C0-CBEA23426893}.Release|x64.ActiveCfg = Release|Any CPU
		{18CBC7FE-C643-45E8-83C0-CBEA23426893}.Release|x64.Build.0 = Release|Any CPU
		{18CBC7FE-C643-45E8-83C0-CBEA23426893}.Release|x86.ActiveCfg = Release|Any CPU
		{18CBC7FE-C643-45E8-83C0-CBEA23426893}.Release|x86.Build.0 = Release|Any CPU
	EndGlobalSection
	GlobalSection(SolutionProperties) = preSolution
		HideSolutionNode = FALSE
	EndGlobalSection
	GlobalSection(ExtensibilityGlobals) = postSolution
		SolutionGuid = {F6D05029-56B8-4E45-AF2D-0E76295DDBA2}
	EndGlobalSection
EndGlobal
