
Microsoft Visual Studio Solution File, Format Version 12.00
# Visual Studio 15
VisualStudioVersion = 15.0.26730.10
MinimumVisualStudioVersion = 10.0.40219.1
Project("{6EC3EE1D-3C4E-46DD-8F32-0CC8E7565705}") = "CompoundInterest", "CompoundInterest\CompoundInterest.fsproj", "{E972E778-B241-466B-950E-0FA290A0FEEB}"
EndProject
Project("{F2A71F9B-5D33-465A-A702-920D77279786}") = "CompoundInterest.iOS", "CompoundInterest.iOS\CompoundInterest.iOS.fsproj", "{7437DB33-E958-4989-AC12-06D2FDDCBCCF}"
EndProject
Project("{F2A71F9B-5D33-465A-A702-920D77279786}") = "CompoundInterest.Domain", "CompoundInterest.Domain\CompoundInterest.Domain.fsproj", "{B2074688-D872-46CA-8D53-F055D9CD64C9}"
EndProject
Global
	GlobalSection(SolutionConfigurationPlatforms) = preSolution
		Ad-Hoc|Any CPU = Ad-Hoc|Any CPU
		Ad-Hoc|ARM = Ad-Hoc|ARM
		Ad-Hoc|iPhone = Ad-Hoc|iPhone
		Ad-Hoc|iPhoneSimulator = Ad-Hoc|iPhoneSimulator
		Ad-Hoc|x64 = Ad-Hoc|x64
		Ad-Hoc|x86 = Ad-Hoc|x86
		AppStore|Any CPU = AppStore|Any CPU
		AppStore|ARM = AppStore|ARM
		AppStore|iPhone = AppStore|iPhone
		AppStore|iPhoneSimulator = AppStore|iPhoneSimulator
		AppStore|x64 = AppStore|x64
		AppStore|x86 = AppStore|x86
		Debug|Any CPU = Debug|Any CPU
		Debug|ARM = Debug|ARM
		Debug|iPhone = Debug|iPhone
		Debug|iPhoneSimulator = Debug|iPhoneSimulator
		Debug|x64 = Debug|x64
		Debug|x86 = Debug|x86
		Release|Any CPU = Release|Any CPU
		Release|ARM = Release|ARM
		Release|iPhone = Release|iPhone
		Release|iPhoneSimulator = Release|iPhoneSimulator
		Release|x64 = Release|x64
		Release|x86 = Release|x86
	EndGlobalSection
	GlobalSection(ProjectConfigurationPlatforms) = postSolution
		{E972E778-B241-466B-950E-0FA290A0FEEB}.Ad-Hoc|Any CPU.ActiveCfg = Debug|Any CPU
		{E972E778-B241-466B-950E-0FA290A0FEEB}.Ad-Hoc|Any CPU.Build.0 = Debug|Any CPU
		{E972E778-B241-466B-950E-0FA290A0FEEB}.Ad-Hoc|ARM.ActiveCfg = Debug|Any CPU
		{E972E778-B241-466B-950E-0FA290A0FEEB}.Ad-Hoc|ARM.Build.0 = Debug|Any CPU
		{E972E778-B241-466B-950E-0FA290A0FEEB}.Ad-Hoc|iPhone.ActiveCfg = Debug|Any CPU
		{E972E778-B241-466B-950E-0FA290A0FEEB}.Ad-Hoc|iPhone.Build.0 = Debug|Any CPU
		{E972E778-B241-466B-950E-0FA290A0FEEB}.Ad-Hoc|iPhoneSimulator.ActiveCfg = Debug|Any CPU
		{E972E778-B241-466B-950E-0FA290A0FEEB}.Ad-Hoc|iPhoneSimulator.Build.0 = Debug|Any CPU
		{E972E778-B241-466B-950E-0FA290A0FEEB}.Ad-Hoc|x64.ActiveCfg = Debug|Any CPU
		{E972E778-B241-466B-950E-0FA290A0FEEB}.Ad-Hoc|x64.Build.0 = Debug|Any CPU
		{E972E778-B241-466B-950E-0FA290A0FEEB}.Ad-Hoc|x86.ActiveCfg = Debug|Any CPU
		{E972E778-B241-466B-950E-0FA290A0FEEB}.Ad-Hoc|x86.Build.0 = Debug|Any CPU
		{E972E778-B241-466B-950E-0FA290A0FEEB}.AppStore|Any CPU.ActiveCfg = Debug|Any CPU
		{E972E778-B241-466B-950E-0FA290A0FEEB}.AppStore|Any CPU.Build.0 = Debug|Any CPU
		{E972E778-B241-466B-950E-0FA290A0FEEB}.AppStore|ARM.ActiveCfg = Debug|Any CPU
		{E972E778-B241-466B-950E-0FA290A0FEEB}.AppStore|ARM.Build.0 = Debug|Any CPU
		{E972E778-B241-466B-950E-0FA290A0FEEB}.AppStore|iPhone.ActiveCfg = Debug|Any CPU
		{E972E778-B241-466B-950E-0FA290A0FEEB}.AppStore|iPhone.Build.0 = Debug|Any CPU
		{E972E778-B241-466B-950E-0FA290A0FEEB}.AppStore|iPhoneSimulator.ActiveCfg = Debug|Any CPU
		{E972E778-B241-466B-950E-0FA290A0FEEB}.AppStore|iPhoneSimulator.Build.0 = Debug|Any CPU
		{E972E778-B241-466B-950E-0FA290A0FEEB}.AppStore|x64.ActiveCfg = Debug|Any CPU
		{E972E778-B241-466B-950E-0FA290A0FEEB}.AppStore|x64.Build.0 = Debug|Any CPU
		{E972E778-B241-466B-950E-0FA290A0FEEB}.AppStore|x86.ActiveCfg = Debug|Any CPU
		{E972E778-B241-466B-950E-0FA290A0FEEB}.AppStore|x86.Build.0 = Debug|Any CPU
		{E972E778-B241-466B-950E-0FA290A0FEEB}.Debug|Any CPU.ActiveCfg = Debug|Any CPU
		{E972E778-B241-466B-950E-0FA290A0FEEB}.Debug|Any CPU.Build.0 = Debug|Any CPU
		{E972E778-B241-466B-950E-0FA290A0FEEB}.Debug|ARM.ActiveCfg = Debug|Any CPU
		{E972E778-B241-466B-950E-0FA290A0FEEB}.Debug|ARM.Build.0 = Debug|Any CPU
		{E972E778-B241-466B-950E-0FA290A0FEEB}.Debug|iPhone.ActiveCfg = Debug|Any CPU
		{E972E778-B241-466B-950E-0FA290A0FEEB}.Debug|iPhone.Build.0 = Debug|Any CPU
		{E972E778-B241-466B-950E-0FA290A0FEEB}.Debug|iPhoneSimulator.ActiveCfg = Debug|Any CPU
		{E972E778-B241-466B-950E-0FA290A0FEEB}.Debug|iPhoneSimulator.Build.0 = Debug|Any CPU
		{E972E778-B241-466B-950E-0FA290A0FEEB}.Debug|x64.ActiveCfg = Debug|Any CPU
		{E972E778-B241-466B-950E-0FA290A0FEEB}.Debug|x64.Build.0 = Debug|Any CPU
		{E972E778-B241-466B-950E-0FA290A0FEEB}.Debug|x86.ActiveCfg = Debug|Any CPU
		{E972E778-B241-466B-950E-0FA290A0FEEB}.Debug|x86.Build.0 = Debug|Any CPU
		{E972E778-B241-466B-950E-0FA290A0FEEB}.Release|Any CPU.ActiveCfg = Release|Any CPU
		{E972E778-B241-466B-950E-0FA290A0FEEB}.Release|Any CPU.Build.0 = Release|Any CPU
		{E972E778-B241-466B-950E-0FA290A0FEEB}.Release|ARM.ActiveCfg = Release|Any CPU
		{E972E778-B241-466B-950E-0FA290A0FEEB}.Release|ARM.Build.0 = Release|Any CPU
		{E972E778-B241-466B-950E-0FA290A0FEEB}.Release|iPhone.ActiveCfg = Release|Any CPU
		{E972E778-B241-466B-950E-0FA290A0FEEB}.Release|iPhone.Build.0 = Release|Any CPU
		{E972E778-B241-466B-950E-0FA290A0FEEB}.Release|iPhoneSimulator.ActiveCfg = Release|Any CPU
		{E972E778-B241-466B-950E-0FA290A0FEEB}.Release|iPhoneSimulator.Build.0 = Release|Any CPU
		{E972E778-B241-466B-950E-0FA290A0FEEB}.Release|x64.ActiveCfg = Release|Any CPU
		{E972E778-B241-466B-950E-0FA290A0FEEB}.Release|x64.Build.0 = Release|Any CPU
		{E972E778-B241-466B-950E-0FA290A0FEEB}.Release|x86.ActiveCfg = Release|Any CPU
		{E972E778-B241-466B-950E-0FA290A0FEEB}.Release|x86.Build.0 = Release|Any CPU
		{7437DB33-E958-4989-AC12-06D2FDDCBCCF}.Ad-Hoc|Any CPU.ActiveCfg = Ad-Hoc|iPhone
		{7437DB33-E958-4989-AC12-06D2FDDCBCCF}.Ad-Hoc|ARM.ActiveCfg = Ad-Hoc|iPhone
		{7437DB33-E958-4989-AC12-06D2FDDCBCCF}.Ad-Hoc|iPhone.ActiveCfg = Ad-Hoc|iPhone
		{7437DB33-E958-4989-AC12-06D2FDDCBCCF}.Ad-Hoc|iPhone.Build.0 = Ad-Hoc|iPhone
		{7437DB33-E958-4989-AC12-06D2FDDCBCCF}.Ad-Hoc|iPhoneSimulator.ActiveCfg = Ad-Hoc|iPhoneSimulator
		{7437DB33-E958-4989-AC12-06D2FDDCBCCF}.Ad-Hoc|iPhoneSimulator.Build.0 = Ad-Hoc|iPhoneSimulator
		{7437DB33-E958-4989-AC12-06D2FDDCBCCF}.Ad-Hoc|x64.ActiveCfg = Ad-Hoc|iPhone
		{7437DB33-E958-4989-AC12-06D2FDDCBCCF}.Ad-Hoc|x86.ActiveCfg = Ad-Hoc|iPhone
		{7437DB33-E958-4989-AC12-06D2FDDCBCCF}.AppStore|Any CPU.ActiveCfg = AppStore|iPhone
		{7437DB33-E958-4989-AC12-06D2FDDCBCCF}.AppStore|ARM.ActiveCfg = AppStore|iPhone
		{7437DB33-E958-4989-AC12-06D2FDDCBCCF}.AppStore|iPhone.ActiveCfg = AppStore|iPhone
		{7437DB33-E958-4989-AC12-06D2FDDCBCCF}.AppStore|iPhone.Build.0 = AppStore|iPhone
		{7437DB33-E958-4989-AC12-06D2FDDCBCCF}.AppStore|iPhoneSimulator.ActiveCfg = AppStore|iPhoneSimulator
		{7437DB33-E958-4989-AC12-06D2FDDCBCCF}.AppStore|iPhoneSimulator.Build.0 = AppStore|iPhoneSimulator
		{7437DB33-E958-4989-AC12-06D2FDDCBCCF}.AppStore|x64.ActiveCfg = AppStore|iPhone
		{7437DB33-E958-4989-AC12-06D2FDDCBCCF}.AppStore|x86.ActiveCfg = AppStore|iPhone
		{7437DB33-E958-4989-AC12-06D2FDDCBCCF}.Debug|Any CPU.ActiveCfg = Debug|iPhone
		{7437DB33-E958-4989-AC12-06D2FDDCBCCF}.Debug|ARM.ActiveCfg = Debug|iPhone
		{7437DB33-E958-4989-AC12-06D2FDDCBCCF}.Debug|iPhone.ActiveCfg = Debug|iPhone
		{7437DB33-E958-4989-AC12-06D2FDDCBCCF}.Debug|iPhone.Build.0 = Debug|iPhone
		{7437DB33-E958-4989-AC12-06D2FDDCBCCF}.Debug|iPhoneSimulator.ActiveCfg = Debug|iPhoneSimulator
		{7437DB33-E958-4989-AC12-06D2FDDCBCCF}.Debug|iPhoneSimulator.Build.0 = Debug|iPhoneSimulator
		{7437DB33-E958-4989-AC12-06D2FDDCBCCF}.Debug|x64.ActiveCfg = Debug|iPhone
		{7437DB33-E958-4989-AC12-06D2FDDCBCCF}.Debug|x86.ActiveCfg = Debug|iPhone
		{7437DB33-E958-4989-AC12-06D2FDDCBCCF}.Release|Any CPU.ActiveCfg = Release|iPhone
		{7437DB33-E958-4989-AC12-06D2FDDCBCCF}.Release|ARM.ActiveCfg = Release|iPhone
		{7437DB33-E958-4989-AC12-06D2FDDCBCCF}.Release|iPhone.ActiveCfg = Release|iPhone
		{7437DB33-E958-4989-AC12-06D2FDDCBCCF}.Release|iPhone.Build.0 = Release|iPhone
		{7437DB33-E958-4989-AC12-06D2FDDCBCCF}.Release|iPhoneSimulator.ActiveCfg = Release|iPhoneSimulator
		{7437DB33-E958-4989-AC12-06D2FDDCBCCF}.Release|iPhoneSimulator.Build.0 = Release|iPhoneSimulator
		{7437DB33-E958-4989-AC12-06D2FDDCBCCF}.Release|x64.ActiveCfg = Release|iPhone
		{7437DB33-E958-4989-AC12-06D2FDDCBCCF}.Release|x86.ActiveCfg = Release|iPhone
		{E5C8AE31-641F-42CC-BD6C-05333B2A4C28}.Ad-Hoc|Any CPU.ActiveCfg = Release|x86
		{E5C8AE31-641F-42CC-BD6C-05333B2A4C28}.Ad-Hoc|Any CPU.Build.0 = Release|x86
		{E5C8AE31-641F-42CC-BD6C-05333B2A4C28}.Ad-Hoc|Any CPU.Deploy.0 = Release|x86
		{E5C8AE31-641F-42CC-BD6C-05333B2A4C28}.Ad-Hoc|ARM.ActiveCfg = Release|ARM
		{E5C8AE31-641F-42CC-BD6C-05333B2A4C28}.Ad-Hoc|ARM.Build.0 = Release|ARM
		{E5C8AE31-641F-42CC-BD6C-05333B2A4C28}.Ad-Hoc|ARM.Deploy.0 = Release|ARM
		{E5C8AE31-641F-42CC-BD6C-05333B2A4C28}.Ad-Hoc|iPhone.ActiveCfg = Release|x86
		{E5C8AE31-641F-42CC-BD6C-05333B2A4C28}.Ad-Hoc|iPhone.Build.0 = Release|x86
		{E5C8AE31-641F-42CC-BD6C-05333B2A4C28}.Ad-Hoc|iPhone.Deploy.0 = Release|x86
		{E5C8AE31-641F-42CC-BD6C-05333B2A4C28}.Ad-Hoc|iPhoneSimulator.ActiveCfg = Release|x86
		{E5C8AE31-641F-42CC-BD6C-05333B2A4C28}.Ad-Hoc|iPhoneSimulator.Build.0 = Release|x86
		{E5C8AE31-641F-42CC-BD6C-05333B2A4C28}.Ad-Hoc|iPhoneSimulator.Deploy.0 = Release|x86
		{E5C8AE31-641F-42CC-BD6C-05333B2A4C28}.Ad-Hoc|x64.ActiveCfg = Release|x64
		{E5C8AE31-641F-42CC-BD6C-05333B2A4C28}.Ad-Hoc|x64.Build.0 = Release|x64
		{E5C8AE31-641F-42CC-BD6C-05333B2A4C28}.Ad-Hoc|x64.Deploy.0 = Release|x64
		{E5C8AE31-641F-42CC-BD6C-05333B2A4C28}.Ad-Hoc|x86.ActiveCfg = Release|x86
		{E5C8AE31-641F-42CC-BD6C-05333B2A4C28}.Ad-Hoc|x86.Build.0 = Release|x86
		{E5C8AE31-641F-42CC-BD6C-05333B2A4C28}.Ad-Hoc|x86.Deploy.0 = Release|x86
		{E5C8AE31-641F-42CC-BD6C-05333B2A4C28}.AppStore|Any CPU.ActiveCfg = Release|x86
		{E5C8AE31-641F-42CC-BD6C-05333B2A4C28}.AppStore|Any CPU.Build.0 = Release|x86
		{E5C8AE31-641F-42CC-BD6C-05333B2A4C28}.AppStore|Any CPU.Deploy.0 = Release|x86
		{E5C8AE31-641F-42CC-BD6C-05333B2A4C28}.AppStore|ARM.ActiveCfg = Release|ARM
		{E5C8AE31-641F-42CC-BD6C-05333B2A4C28}.AppStore|ARM.Build.0 = Release|ARM
		{E5C8AE31-641F-42CC-BD6C-05333B2A4C28}.AppStore|ARM.Deploy.0 = Release|ARM
		{E5C8AE31-641F-42CC-BD6C-05333B2A4C28}.AppStore|iPhone.ActiveCfg = Release|x86
		{E5C8AE31-641F-42CC-BD6C-05333B2A4C28}.AppStore|iPhone.Build.0 = Release|x86
		{E5C8AE31-641F-42CC-BD6C-05333B2A4C28}.AppStore|iPhone.Deploy.0 = Release|x86
		{E5C8AE31-641F-42CC-BD6C-05333B2A4C28}.AppStore|iPhoneSimulator.ActiveCfg = Release|x86
		{E5C8AE31-641F-42CC-BD6C-05333B2A4C28}.AppStore|iPhoneSimulator.Build.0 = Release|x86
		{E5C8AE31-641F-42CC-BD6C-05333B2A4C28}.AppStore|iPhoneSimulator.Deploy.0 = Release|x86
		{E5C8AE31-641F-42CC-BD6C-05333B2A4C28}.AppStore|x64.ActiveCfg = Release|x64
		{E5C8AE31-641F-42CC-BD6C-05333B2A4C28}.AppStore|x64.Build.0 = Release|x64
		{E5C8AE31-641F-42CC-BD6C-05333B2A4C28}.AppStore|x64.Deploy.0 = Release|x64
		{E5C8AE31-641F-42CC-BD6C-05333B2A4C28}.AppStore|x86.ActiveCfg = Release|x86
		{E5C8AE31-641F-42CC-BD6C-05333B2A4C28}.AppStore|x86.Build.0 = Release|x86
		{E5C8AE31-641F-42CC-BD6C-05333B2A4C28}.AppStore|x86.Deploy.0 = Release|x86
		{E5C8AE31-641F-42CC-BD6C-05333B2A4C28}.Debug|Any CPU.ActiveCfg = Debug|x86
		{E5C8AE31-641F-42CC-BD6C-05333B2A4C28}.Debug|ARM.ActiveCfg = Debug|ARM
		{E5C8AE31-641F-42CC-BD6C-05333B2A4C28}.Debug|ARM.Build.0 = Debug|ARM
		{E5C8AE31-641F-42CC-BD6C-05333B2A4C28}.Debug|ARM.Deploy.0 = Debug|ARM
		{E5C8AE31-641F-42CC-BD6C-05333B2A4C28}.Debug|iPhone.ActiveCfg = Debug|x86
		{E5C8AE31-641F-42CC-BD6C-05333B2A4C28}.Debug|iPhoneSimulator.ActiveCfg = Debug|x86
		{E5C8AE31-641F-42CC-BD6C-05333B2A4C28}.Debug|x64.ActiveCfg = Debug|x64
		{E5C8AE31-641F-42CC-BD6C-05333B2A4C28}.Debug|x64.Build.0 = Debug|x64
		{E5C8AE31-641F-42CC-BD6C-05333B2A4C28}.Debug|x64.Deploy.0 = Debug|x64
		{E5C8AE31-641F-42CC-BD6C-05333B2A4C28}.Debug|x86.ActiveCfg = Debug|x86
		{E5C8AE31-641F-42CC-BD6C-05333B2A4C28}.Debug|x86.Build.0 = Debug|x86
		{E5C8AE31-641F-42CC-BD6C-05333B2A4C28}.Debug|x86.Deploy.0 = Debug|x86
		{E5C8AE31-641F-42CC-BD6C-05333B2A4C28}.Release|Any CPU.ActiveCfg = Release|x86
		{E5C8AE31-641F-42CC-BD6C-05333B2A4C28}.Release|ARM.ActiveCfg = Release|ARM
		{E5C8AE31-641F-42CC-BD6C-05333B2A4C28}.Release|ARM.Build.0 = Release|ARM
		{E5C8AE31-641F-42CC-BD6C-05333B2A4C28}.Release|ARM.Deploy.0 = Release|ARM
		{E5C8AE31-641F-42CC-BD6C-05333B2A4C28}.Release|iPhone.ActiveCfg = Release|x86
		{E5C8AE31-641F-42CC-BD6C-05333B2A4C28}.Release|iPhoneSimulator.ActiveCfg = Release|x86
		{E5C8AE31-641F-42CC-BD6C-05333B2A4C28}.Release|x64.ActiveCfg = Release|x64
		{E5C8AE31-641F-42CC-BD6C-05333B2A4C28}.Release|x64.Build.0 = Release|x64
		{E5C8AE31-641F-42CC-BD6C-05333B2A4C28}.Release|x64.Deploy.0 = Release|x64
		{E5C8AE31-641F-42CC-BD6C-05333B2A4C28}.Release|x86.ActiveCfg = Release|x86
		{E5C8AE31-641F-42CC-BD6C-05333B2A4C28}.Release|x86.Build.0 = Release|x86
		{E5C8AE31-641F-42CC-BD6C-05333B2A4C28}.Release|x86.Deploy.0 = Release|x86
		{11272CAE-5A05-4702-BA8C-1004DE49951B}.Ad-Hoc|Any CPU.ActiveCfg = Release|Any CPU
		{11272CAE-5A05-4702-BA8C-1004DE49951B}.Ad-Hoc|Any CPU.Build.0 = Release|Any CPU
		{11272CAE-5A05-4702-BA8C-1004DE49951B}.Ad-Hoc|ARM.ActiveCfg = Release|Any CPU
		{11272CAE-5A05-4702-BA8C-1004DE49951B}.Ad-Hoc|ARM.Build.0 = Release|Any CPU
		{11272CAE-5A05-4702-BA8C-1004DE49951B}.Ad-Hoc|iPhone.ActiveCfg = Release|Any CPU
		{11272CAE-5A05-4702-BA8C-1004DE49951B}.Ad-Hoc|iPhone.Build.0 = Release|Any CPU
		{11272CAE-5A05-4702-BA8C-1004DE49951B}.Ad-Hoc|iPhoneSimulator.ActiveCfg = Release|Any CPU
		{11272CAE-5A05-4702-BA8C-1004DE49951B}.Ad-Hoc|iPhoneSimulator.Build.0 = Release|Any CPU
		{11272CAE-5A05-4702-BA8C-1004DE49951B}.Ad-Hoc|x64.ActiveCfg = Release|Any CPU
		{11272CAE-5A05-4702-BA8C-1004DE49951B}.Ad-Hoc|x64.Build.0 = Release|Any CPU
		{11272CAE-5A05-4702-BA8C-1004DE49951B}.Ad-Hoc|x86.ActiveCfg = Release|Any CPU
		{11272CAE-5A05-4702-BA8C-1004DE49951B}.Ad-Hoc|x86.Build.0 = Release|Any CPU
		{11272CAE-5A05-4702-BA8C-1004DE49951B}.AppStore|Any CPU.ActiveCfg = Release|Any CPU
		{11272CAE-5A05-4702-BA8C-1004DE49951B}.AppStore|Any CPU.Build.0 = Release|Any CPU
		{11272CAE-5A05-4702-BA8C-1004DE49951B}.AppStore|ARM.ActiveCfg = Release|Any CPU
		{11272CAE-5A05-4702-BA8C-1004DE49951B}.AppStore|ARM.Build.0 = Release|Any CPU
		{11272CAE-5A05-4702-BA8C-1004DE49951B}.AppStore|iPhone.ActiveCfg = Release|Any CPU
		{11272CAE-5A05-4702-BA8C-1004DE49951B}.AppStore|iPhone.Build.0 = Release|Any CPU
		{11272CAE-5A05-4702-BA8C-1004DE49951B}.AppStore|iPhoneSimulator.ActiveCfg = Release|Any CPU
		{11272CAE-5A05-4702-BA8C-1004DE49951B}.AppStore|iPhoneSimulator.Build.0 = Release|Any CPU
		{11272CAE-5A05-4702-BA8C-1004DE49951B}.AppStore|x64.ActiveCfg = Release|Any CPU
		{11272CAE-5A05-4702-BA8C-1004DE49951B}.AppStore|x64.Build.0 = Release|Any CPU
		{11272CAE-5A05-4702-BA8C-1004DE49951B}.AppStore|x86.ActiveCfg = Release|Any CPU
		{11272CAE-5A05-4702-BA8C-1004DE49951B}.AppStore|x86.Build.0 = Release|Any CPU
		{11272CAE-5A05-4702-BA8C-1004DE49951B}.Debug|Any CPU.ActiveCfg = Debug|Any CPU
		{11272CAE-5A05-4702-BA8C-1004DE49951B}.Debug|Any CPU.Build.0 = Debug|Any CPU
		{11272CAE-5A05-4702-BA8C-1004DE49951B}.Debug|ARM.ActiveCfg = Debug|Any CPU
		{11272CAE-5A05-4702-BA8C-1004DE49951B}.Debug|ARM.Build.0 = Debug|Any CPU
		{11272CAE-5A05-4702-BA8C-1004DE49951B}.Debug|iPhone.ActiveCfg = Debug|Any CPU
		{11272CAE-5A05-4702-BA8C-1004DE49951B}.Debug|iPhone.Build.0 = Debug|Any CPU
		{11272CAE-5A05-4702-BA8C-1004DE49951B}.Debug|iPhoneSimulator.ActiveCfg = Debug|Any CPU
		{11272CAE-5A05-4702-BA8C-1004DE49951B}.Debug|iPhoneSimulator.Build.0 = Debug|Any CPU
		{11272CAE-5A05-4702-BA8C-1004DE49951B}.Debug|x64.ActiveCfg = Debug|Any CPU
		{11272CAE-5A05-4702-BA8C-1004DE49951B}.Debug|x64.Build.0 = Debug|Any CPU
		{11272CAE-5A05-4702-BA8C-1004DE49951B}.Debug|x86.ActiveCfg = Debug|Any CPU
		{11272CAE-5A05-4702-BA8C-1004DE49951B}.Debug|x86.Build.0 = Debug|Any CPU
		{11272CAE-5A05-4702-BA8C-1004DE49951B}.Release|Any CPU.ActiveCfg = Release|Any CPU
		{11272CAE-5A05-4702-BA8C-1004DE49951B}.Release|Any CPU.Build.0 = Release|Any CPU
		{11272CAE-5A05-4702-BA8C-1004DE49951B}.Release|ARM.ActiveCfg = Release|Any CPU
		{11272CAE-5A05-4702-BA8C-1004DE49951B}.Release|ARM.Build.0 = Release|Any CPU
		{11272CAE-5A05-4702-BA8C-1004DE49951B}.Release|iPhone.ActiveCfg = Release|Any CPU
		{11272CAE-5A05-4702-BA8C-1004DE49951B}.Release|iPhone.Build.0 = Release|Any CPU
		{11272CAE-5A05-4702-BA8C-1004DE49951B}.Release|iPhoneSimulator.ActiveCfg = Release|Any CPU
		{11272CAE-5A05-4702-BA8C-1004DE49951B}.Release|iPhoneSimulator.Build.0 = Release|Any CPU
		{11272CAE-5A05-4702-BA8C-1004DE49951B}.Release|x64.ActiveCfg = Release|Any CPU
		{11272CAE-5A05-4702-BA8C-1004DE49951B}.Release|x64.Build.0 = Release|Any CPU
		{11272CAE-5A05-4702-BA8C-1004DE49951B}.Release|x86.ActiveCfg = Release|Any CPU
		{11272CAE-5A05-4702-BA8C-1004DE49951B}.Release|x86.Build.0 = Release|Any CPU
		{4E9A7721-11E7-402E-BA0D-880CE7E5B655}.Ad-Hoc|Any CPU.ActiveCfg = Release|Any CPU
		{4E9A7721-11E7-402E-BA0D-880CE7E5B655}.Ad-Hoc|Any CPU.Build.0 = Release|Any CPU
		{4E9A7721-11E7-402E-BA0D-880CE7E5B655}.Ad-Hoc|ARM.ActiveCfg = Release|Any CPU
		{4E9A7721-11E7-402E-BA0D-880CE7E5B655}.Ad-Hoc|ARM.Build.0 = Release|Any CPU
		{4E9A7721-11E7-402E-BA0D-880CE7E5B655}.Ad-Hoc|iPhone.ActiveCfg = Release|Any CPU
		{4E9A7721-11E7-402E-BA0D-880CE7E5B655}.Ad-Hoc|iPhone.Build.0 = Release|Any CPU
		{4E9A7721-11E7-402E-BA0D-880CE7E5B655}.Ad-Hoc|iPhoneSimulator.ActiveCfg = Release|Any CPU
		{4E9A7721-11E7-402E-BA0D-880CE7E5B655}.Ad-Hoc|iPhoneSimulator.Build.0 = Release|Any CPU
		{4E9A7721-11E7-402E-BA0D-880CE7E5B655}.Ad-Hoc|x64.ActiveCfg = Release|Any CPU
		{4E9A7721-11E7-402E-BA0D-880CE7E5B655}.Ad-Hoc|x64.Build.0 = Release|Any CPU
		{4E9A7721-11E7-402E-BA0D-880CE7E5B655}.Ad-Hoc|x86.ActiveCfg = Release|Any CPU
		{4E9A7721-11E7-402E-BA0D-880CE7E5B655}.Ad-Hoc|x86.Build.0 = Release|Any CPU
		{4E9A7721-11E7-402E-BA0D-880CE7E5B655}.AppStore|Any CPU.ActiveCfg = Release|Any CPU
		{4E9A7721-11E7-402E-BA0D-880CE7E5B655}.AppStore|Any CPU.Build.0 = Release|Any CPU
		{4E9A7721-11E7-402E-BA0D-880CE7E5B655}.AppStore|ARM.ActiveCfg = Release|Any CPU
		{4E9A7721-11E7-402E-BA0D-880CE7E5B655}.AppStore|ARM.Build.0 = Release|Any CPU
		{4E9A7721-11E7-402E-BA0D-880CE7E5B655}.AppStore|iPhone.ActiveCfg = Release|Any CPU
		{4E9A7721-11E7-402E-BA0D-880CE7E5B655}.AppStore|iPhone.Build.0 = Release|Any CPU
		{4E9A7721-11E7-402E-BA0D-880CE7E5B655}.AppStore|iPhoneSimulator.ActiveCfg = Release|Any CPU
		{4E9A7721-11E7-402E-BA0D-880CE7E5B655}.AppStore|iPhoneSimulator.Build.0 = Release|Any CPU
		{4E9A7721-11E7-402E-BA0D-880CE7E5B655}.AppStore|x64.ActiveCfg = Release|Any CPU
		{4E9A7721-11E7-402E-BA0D-880CE7E5B655}.AppStore|x64.Build.0 = Release|Any CPU
		{4E9A7721-11E7-402E-BA0D-880CE7E5B655}.AppStore|x86.ActiveCfg = Release|Any CPU
		{4E9A7721-11E7-402E-BA0D-880CE7E5B655}.AppStore|x86.Build.0 = Release|Any CPU
		{4E9A7721-11E7-402E-BA0D-880CE7E5B655}.Debug|Any CPU.ActiveCfg = Debug|Any CPU
		{4E9A7721-11E7-402E-BA0D-880CE7E5B655}.Debug|Any CPU.Build.0 = Debug|Any CPU
		{4E9A7721-11E7-402E-BA0D-880CE7E5B655}.Debug|ARM.ActiveCfg = Debug|Any CPU
		{4E9A7721-11E7-402E-BA0D-880CE7E5B655}.Debug|ARM.Build.0 = Debug|Any CPU
		{4E9A7721-11E7-402E-BA0D-880CE7E5B655}.Debug|iPhone.ActiveCfg = Debug|Any CPU
		{4E9A7721-11E7-402E-BA0D-880CE7E5B655}.Debug|iPhone.Build.0 = Debug|Any CPU
		{4E9A7721-11E7-402E-BA0D-880CE7E5B655}.Debug|iPhoneSimulator.ActiveCfg = Debug|Any CPU
		{4E9A7721-11E7-402E-BA0D-880CE7E5B655}.Debug|iPhoneSimulator.Build.0 = Debug|Any CPU
		{4E9A7721-11E7-402E-BA0D-880CE7E5B655}.Debug|x64.ActiveCfg = Debug|Any CPU
		{4E9A7721-11E7-402E-BA0D-880CE7E5B655}.Debug|x64.Build.0 = Debug|Any CPU
		{4E9A7721-11E7-402E-BA0D-880CE7E5B655}.Debug|x86.ActiveCfg = Debug|Any CPU
		{4E9A7721-11E7-402E-BA0D-880CE7E5B655}.Debug|x86.Build.0 = Debug|Any CPU
		{4E9A7721-11E7-402E-BA0D-880CE7E5B655}.Release|Any CPU.ActiveCfg = Release|Any CPU
		{4E9A7721-11E7-402E-BA0D-880CE7E5B655}.Release|Any CPU.Build.0 = Release|Any CPU
		{4E9A7721-11E7-402E-BA0D-880CE7E5B655}.Release|ARM.ActiveCfg = Release|Any CPU
		{4E9A7721-11E7-402E-BA0D-880CE7E5B655}.Release|ARM.Build.0 = Release|Any CPU
		{4E9A7721-11E7-402E-BA0D-880CE7E5B655}.Release|iPhone.ActiveCfg = Release|Any CPU
		{4E9A7721-11E7-402E-BA0D-880CE7E5B655}.Release|iPhone.Build.0 = Release|Any CPU
		{4E9A7721-11E7-402E-BA0D-880CE7E5B655}.Release|iPhoneSimulator.ActiveCfg = Release|Any CPU
		{4E9A7721-11E7-402E-BA0D-880CE7E5B655}.Release|iPhoneSimulator.Build.0 = Release|Any CPU
		{4E9A7721-11E7-402E-BA0D-880CE7E5B655}.Release|x64.ActiveCfg = Release|Any CPU
		{4E9A7721-11E7-402E-BA0D-880CE7E5B655}.Release|x64.Build.0 = Release|Any CPU
		{4E9A7721-11E7-402E-BA0D-880CE7E5B655}.Release|x86.ActiveCfg = Release|Any CPU
		{4E9A7721-11E7-402E-BA0D-880CE7E5B655}.Release|x86.Build.0 = Release|Any CPU
		{E4C7A9A9-AF99-41DF-B9B6-2826E106E011}.Ad-Hoc|Any CPU.ActiveCfg = Release|Any CPU
		{E4C7A9A9-AF99-41DF-B9B6-2826E106E011}.Ad-Hoc|Any CPU.Build.0 = Release|Any CPU
		{E4C7A9A9-AF99-41DF-B9B6-2826E106E011}.Ad-Hoc|ARM.ActiveCfg = Release|Any CPU
		{E4C7A9A9-AF99-41DF-B9B6-2826E106E011}.Ad-Hoc|ARM.Build.0 = Release|Any CPU
		{E4C7A9A9-AF99-41DF-B9B6-2826E106E011}.Ad-Hoc|iPhone.ActiveCfg = Release|Any CPU
		{E4C7A9A9-AF99-41DF-B9B6-2826E106E011}.Ad-Hoc|iPhone.Build.0 = Release|Any CPU
		{E4C7A9A9-AF99-41DF-B9B6-2826E106E011}.Ad-Hoc|iPhoneSimulator.ActiveCfg = Release|Any CPU
		{E4C7A9A9-AF99-41DF-B9B6-2826E106E011}.Ad-Hoc|iPhoneSimulator.Build.0 = Release|Any CPU
		{E4C7A9A9-AF99-41DF-B9B6-2826E106E011}.Ad-Hoc|x64.ActiveCfg = Release|Any CPU
		{E4C7A9A9-AF99-41DF-B9B6-2826E106E011}.Ad-Hoc|x64.Build.0 = Release|Any CPU
		{E4C7A9A9-AF99-41DF-B9B6-2826E106E011}.Ad-Hoc|x86.ActiveCfg = Release|Any CPU
		{E4C7A9A9-AF99-41DF-B9B6-2826E106E011}.Ad-Hoc|x86.Build.0 = Release|Any CPU
		{E4C7A9A9-AF99-41DF-B9B6-2826E106E011}.AppStore|Any CPU.ActiveCfg = Release|Any CPU
		{E4C7A9A9-AF99-41DF-B9B6-2826E106E011}.AppStore|Any CPU.Build.0 = Release|Any CPU
		{E4C7A9A9-AF99-41DF-B9B6-2826E106E011}.AppStore|ARM.ActiveCfg = Release|Any CPU
		{E4C7A9A9-AF99-41DF-B9B6-2826E106E011}.AppStore|ARM.Build.0 = Release|Any CPU
		{E4C7A9A9-AF99-41DF-B9B6-2826E106E011}.AppStore|iPhone.ActiveCfg = Release|Any CPU
		{E4C7A9A9-AF99-41DF-B9B6-2826E106E011}.AppStore|iPhone.Build.0 = Release|Any CPU
		{E4C7A9A9-AF99-41DF-B9B6-2826E106E011}.AppStore|iPhoneSimulator.ActiveCfg = Release|Any CPU
		{E4C7A9A9-AF99-41DF-B9B6-2826E106E011}.AppStore|iPhoneSimulator.Build.0 = Release|Any CPU
		{E4C7A9A9-AF99-41DF-B9B6-2826E106E011}.AppStore|x64.ActiveCfg = Release|Any CPU
		{E4C7A9A9-AF99-41DF-B9B6-2826E106E011}.AppStore|x64.Build.0 = Release|Any CPU
		{E4C7A9A9-AF99-41DF-B9B6-2826E106E011}.AppStore|x86.ActiveCfg = Release|Any CPU
		{E4C7A9A9-AF99-41DF-B9B6-2826E106E011}.AppStore|x86.Build.0 = Release|Any CPU
		{E4C7A9A9-AF99-41DF-B9B6-2826E106E011}.Debug|Any CPU.ActiveCfg = Debug|Any CPU
		{E4C7A9A9-AF99-41DF-B9B6-2826E106E011}.Debug|Any CPU.Build.0 = Debug|Any CPU
		{E4C7A9A9-AF99-41DF-B9B6-2826E106E011}.Debug|Any CPU.Deploy.0 = Debug|Any CPU
		{E4C7A9A9-AF99-41DF-B9B6-2826E106E011}.Debug|ARM.ActiveCfg = Debug|Any CPU
		{E4C7A9A9-AF99-41DF-B9B6-2826E106E011}.Debug|ARM.Build.0 = Debug|Any CPU
		{E4C7A9A9-AF99-41DF-B9B6-2826E106E011}.Debug|iPhone.ActiveCfg = Debug|Any CPU
		{E4C7A9A9-AF99-41DF-B9B6-2826E106E011}.Debug|iPhone.Build.0 = Debug|Any CPU
		{E4C7A9A9-AF99-41DF-B9B6-2826E106E011}.Debug|iPhoneSimulator.ActiveCfg = Debug|Any CPU
		{E4C7A9A9-AF99-41DF-B9B6-2826E106E011}.Debug|iPhoneSimulator.Build.0 = Debug|Any CPU
		{E4C7A9A9-AF99-41DF-B9B6-2826E106E011}.Debug|x64.ActiveCfg = Debug|Any CPU
		{E4C7A9A9-AF99-41DF-B9B6-2826E106E011}.Debug|x64.Build.0 = Debug|Any CPU
		{E4C7A9A9-AF99-41DF-B9B6-2826E106E011}.Debug|x86.ActiveCfg = Debug|Any CPU
		{E4C7A9A9-AF99-41DF-B9B6-2826E106E011}.Debug|x86.Build.0 = Debug|Any CPU
		{E4C7A9A9-AF99-41DF-B9B6-2826E106E011}.Release|Any CPU.ActiveCfg = Release|Any CPU
		{E4C7A9A9-AF99-41DF-B9B6-2826E106E011}.Release|Any CPU.Build.0 = Release|Any CPU
		{E4C7A9A9-AF99-41DF-B9B6-2826E106E011}.Release|Any CPU.Deploy.0 = Release|Any CPU
		{E4C7A9A9-AF99-41DF-B9B6-2826E106E011}.Release|ARM.ActiveCfg = Release|Any CPU
		{E4C7A9A9-AF99-41DF-B9B6-2826E106E011}.Release|ARM.Build.0 = Release|Any CPU
		{E4C7A9A9-AF99-41DF-B9B6-2826E106E011}.Release|iPhone.ActiveCfg = Release|Any CPU
		{E4C7A9A9-AF99-41DF-B9B6-2826E106E011}.Release|iPhone.Build.0 = Release|Any CPU
		{E4C7A9A9-AF99-41DF-B9B6-2826E106E011}.Release|iPhoneSimulator.ActiveCfg = Release|Any CPU
		{E4C7A9A9-AF99-41DF-B9B6-2826E106E011}.Release|iPhoneSimulator.Build.0 = Release|Any CPU
		{E4C7A9A9-AF99-41DF-B9B6-2826E106E011}.Release|x64.ActiveCfg = Release|Any CPU
		{E4C7A9A9-AF99-41DF-B9B6-2826E106E011}.Release|x64.Build.0 = Release|Any CPU
		{E4C7A9A9-AF99-41DF-B9B6-2826E106E011}.Release|x86.ActiveCfg = Release|Any CPU
		{E4C7A9A9-AF99-41DF-B9B6-2826E106E011}.Release|x86.Build.0 = Release|Any CPU
		{72704910-33FB-48E2-B8B9-1E3A4170E03F}.Ad-Hoc|Any CPU.ActiveCfg = Release|Any CPU
		{72704910-33FB-48E2-B8B9-1E3A4170E03F}.Ad-Hoc|Any CPU.Build.0 = Release|Any CPU
		{72704910-33FB-48E2-B8B9-1E3A4170E03F}.Ad-Hoc|ARM.ActiveCfg = Release|Any CPU
		{72704910-33FB-48E2-B8B9-1E3A4170E03F}.Ad-Hoc|ARM.Build.0 = Release|Any CPU
		{72704910-33FB-48E2-B8B9-1E3A4170E03F}.Ad-Hoc|iPhone.ActiveCfg = Release|Any CPU
		{72704910-33FB-48E2-B8B9-1E3A4170E03F}.Ad-Hoc|iPhone.Build.0 = Release|Any CPU
		{72704910-33FB-48E2-B8B9-1E3A4170E03F}.Ad-Hoc|iPhoneSimulator.ActiveCfg = Release|Any CPU
		{72704910-33FB-48E2-B8B9-1E3A4170E03F}.Ad-Hoc|iPhoneSimulator.Build.0 = Release|Any CPU
		{72704910-33FB-48E2-B8B9-1E3A4170E03F}.Ad-Hoc|x64.ActiveCfg = Release|Any CPU
		{72704910-33FB-48E2-B8B9-1E3A4170E03F}.Ad-Hoc|x64.Build.0 = Release|Any CPU
		{72704910-33FB-48E2-B8B9-1E3A4170E03F}.Ad-Hoc|x86.ActiveCfg = Release|Any CPU
		{72704910-33FB-48E2-B8B9-1E3A4170E03F}.Ad-Hoc|x86.Build.0 = Release|Any CPU
		{72704910-33FB-48E2-B8B9-1E3A4170E03F}.AppStore|Any CPU.ActiveCfg = Release|Any CPU
		{72704910-33FB-48E2-B8B9-1E3A4170E03F}.AppStore|Any CPU.Build.0 = Release|Any CPU
		{72704910-33FB-48E2-B8B9-1E3A4170E03F}.AppStore|ARM.ActiveCfg = Release|Any CPU
		{72704910-33FB-48E2-B8B9-1E3A4170E03F}.AppStore|ARM.Build.0 = Release|Any CPU
		{72704910-33FB-48E2-B8B9-1E3A4170E03F}.AppStore|iPhone.ActiveCfg = Release|Any CPU
		{72704910-33FB-48E2-B8B9-1E3A4170E03F}.AppStore|iPhone.Build.0 = Release|Any CPU
		{72704910-33FB-48E2-B8B9-1E3A4170E03F}.AppStore|iPhoneSimulator.ActiveCfg = Release|Any CPU
		{72704910-33FB-48E2-B8B9-1E3A4170E03F}.AppStore|iPhoneSimulator.Build.0 = Release|Any CPU
		{72704910-33FB-48E2-B8B9-1E3A4170E03F}.AppStore|x64.ActiveCfg = Release|Any CPU
		{72704910-33FB-48E2-B8B9-1E3A4170E03F}.AppStore|x64.Build.0 = Release|Any CPU
		{72704910-33FB-48E2-B8B9-1E3A4170E03F}.AppStore|x86.ActiveCfg = Release|Any CPU
		{72704910-33FB-48E2-B8B9-1E3A4170E03F}.AppStore|x86.Build.0 = Release|Any CPU
		{72704910-33FB-48E2-B8B9-1E3A4170E03F}.Debug|Any CPU.ActiveCfg = Debug|Any CPU
		{72704910-33FB-48E2-B8B9-1E3A4170E03F}.Debug|Any CPU.Build.0 = Debug|Any CPU
		{72704910-33FB-48E2-B8B9-1E3A4170E03F}.Debug|ARM.ActiveCfg = Debug|Any CPU
		{72704910-33FB-48E2-B8B9-1E3A4170E03F}.Debug|ARM.Build.0 = Debug|Any CPU
		{72704910-33FB-48E2-B8B9-1E3A4170E03F}.Debug|iPhone.ActiveCfg = Debug|Any CPU
		{72704910-33FB-48E2-B8B9-1E3A4170E03F}.Debug|iPhone.Build.0 = Debug|Any CPU
		{72704910-33FB-48E2-B8B9-1E3A4170E03F}.Debug|iPhoneSimulator.ActiveCfg = Debug|Any CPU
		{72704910-33FB-48E2-B8B9-1E3A4170E03F}.Debug|iPhoneSimulator.Build.0 = Debug|Any CPU
		{72704910-33FB-48E2-B8B9-1E3A4170E03F}.Debug|x64.ActiveCfg = Debug|Any CPU
		{72704910-33FB-48E2-B8B9-1E3A4170E03F}.Debug|x64.Build.0 = Debug|Any CPU
		{72704910-33FB-48E2-B8B9-1E3A4170E03F}.Debug|x86.ActiveCfg = Debug|Any CPU
		{72704910-33FB-48E2-B8B9-1E3A4170E03F}.Debug|x86.Build.0 = Debug|Any CPU
		{72704910-33FB-48E2-B8B9-1E3A4170E03F}.Release|Any CPU.ActiveCfg = Release|Any CPU
		{72704910-33FB-48E2-B8B9-1E3A4170E03F}.Release|Any CPU.Build.0 = Release|Any CPU
		{72704910-33FB-48E2-B8B9-1E3A4170E03F}.Release|ARM.ActiveCfg = Release|Any CPU
		{72704910-33FB-48E2-B8B9-1E3A4170E03F}.Release|ARM.Build.0 = Release|Any CPU
		{72704910-33FB-48E2-B8B9-1E3A4170E03F}.Release|iPhone.ActiveCfg = Release|Any CPU
		{72704910-33FB-48E2-B8B9-1E3A4170E03F}.Release|iPhone.Build.0 = Release|Any CPU
		{72704910-33FB-48E2-B8B9-1E3A4170E03F}.Release|iPhoneSimulator.ActiveCfg = Release|Any CPU
		{72704910-33FB-48E2-B8B9-1E3A4170E03F}.Release|iPhoneSimulator.Build.0 = Release|Any CPU
		{72704910-33FB-48E2-B8B9-1E3A4170E03F}.Release|x64.ActiveCfg = Release|Any CPU
		{72704910-33FB-48E2-B8B9-1E3A4170E03F}.Release|x64.Build.0 = Release|Any CPU
		{72704910-33FB-48E2-B8B9-1E3A4170E03F}.Release|x86.ActiveCfg = Release|Any CPU
		{72704910-33FB-48E2-B8B9-1E3A4170E03F}.Release|x86.Build.0 = Release|Any CPU
		{E09F7378-2BDD-40D4-9B57-74FCABAEB319}.Ad-Hoc|Any CPU.ActiveCfg = Release|x64
		{E09F7378-2BDD-40D4-9B57-74FCABAEB319}.Ad-Hoc|Any CPU.Build.0 = Release|x64
		{E09F7378-2BDD-40D4-9B57-74FCABAEB319}.Ad-Hoc|Any CPU.Deploy.0 = Release|x64
		{E09F7378-2BDD-40D4-9B57-74FCABAEB319}.Ad-Hoc|ARM.ActiveCfg = Release|ARM
		{E09F7378-2BDD-40D4-9B57-74FCABAEB319}.Ad-Hoc|ARM.Build.0 = Release|ARM
		{E09F7378-2BDD-40D4-9B57-74FCABAEB319}.Ad-Hoc|ARM.Deploy.0 = Release|ARM
		{E09F7378-2BDD-40D4-9B57-74FCABAEB319}.Ad-Hoc|ARM64.ActiveCfg = Release|ARM64
		{E09F7378-2BDD-40D4-9B57-74FCABAEB319}.Ad-Hoc|ARM64.Build.0 = Release|ARM64
		{E09F7378-2BDD-40D4-9B57-74FCABAEB319}.Ad-Hoc|ARM64.Deploy.0 = Release|ARM64
		{E09F7378-2BDD-40D4-9B57-74FCABAEB319}.Ad-Hoc|iPhone.ActiveCfg = Release|x64
		{E09F7378-2BDD-40D4-9B57-74FCABAEB319}.Ad-Hoc|iPhone.Build.0 = Release|x64
		{E09F7378-2BDD-40D4-9B57-74FCABAEB319}.Ad-Hoc|iPhone.Deploy.0 = Release|x64
		{E09F7378-2BDD-40D4-9B57-74FCABAEB319}.Ad-Hoc|iPhoneSimulator.ActiveCfg = Release|x64
		{E09F7378-2BDD-40D4-9B57-74FCABAEB319}.Ad-Hoc|iPhoneSimulator.Build.0 = Release|x64
		{E09F7378-2BDD-40D4-9B57-74FCABAEB319}.Ad-Hoc|iPhoneSimulator.Deploy.0 = Release|x64
		{E09F7378-2BDD-40D4-9B57-74FCABAEB319}.Ad-Hoc|x64.ActiveCfg = Release|x64
		{E09F7378-2BDD-40D4-9B57-74FCABAEB319}.Ad-Hoc|x64.Build.0 = Release|x64
		{E09F7378-2BDD-40D4-9B57-74FCABAEB319}.Ad-Hoc|x64.Deploy.0 = Release|x64
		{E09F7378-2BDD-40D4-9B57-74FCABAEB319}.Ad-Hoc|x86.ActiveCfg = Release|x86
		{E09F7378-2BDD-40D4-9B57-74FCABAEB319}.Ad-Hoc|x86.Build.0 = Release|x86
		{E09F7378-2BDD-40D4-9B57-74FCABAEB319}.Ad-Hoc|x86.Deploy.0 = Release|x86
		{E09F7378-2BDD-40D4-9B57-74FCABAEB319}.AppStore|Any CPU.ActiveCfg = Release|x64
		{E09F7378-2BDD-40D4-9B57-74FCABAEB319}.AppStore|Any CPU.Build.0 = Release|x64
		{E09F7378-2BDD-40D4-9B57-74FCABAEB319}.AppStore|Any CPU.Deploy.0 = Release|x64
		{E09F7378-2BDD-40D4-9B57-74FCABAEB319}.AppStore|ARM.ActiveCfg = Release|ARM
		{E09F7378-2BDD-40D4-9B57-74FCABAEB319}.AppStore|ARM.Build.0 = Release|ARM
		{E09F7378-2BDD-40D4-9B57-74FCABAEB319}.AppStore|ARM.Deploy.0 = Release|ARM
		{E09F7378-2BDD-40D4-9B57-74FCABAEB319}.AppStore|ARM64.ActiveCfg = Release|ARM64
		{E09F7378-2BDD-40D4-9B57-74FCABAEB319}.AppStore|ARM64.Build.0 = Release|ARM64
		{E09F7378-2BDD-40D4-9B57-74FCABAEB319}.AppStore|ARM64.Deploy.0 = Release|ARM64
		{E09F7378-2BDD-40D4-9B57-74FCABAEB319}.AppStore|iPhone.ActiveCfg = Release|x64
		{E09F7378-2BDD-40D4-9B57-74FCABAEB319}.AppStore|iPhone.Build.0 = Release|x64
		{E09F7378-2BDD-40D4-9B57-74FCABAEB319}.AppStore|iPhone.Deploy.0 = Release|x64
		{E09F7378-2BDD-40D4-9B57-74FCABAEB319}.AppStore|iPhoneSimulator.ActiveCfg = Release|x64
		{E09F7378-2BDD-40D4-9B57-74FCABAEB319}.AppStore|iPhoneSimulator.Build.0 = Release|x64
		{E09F7378-2BDD-40D4-9B57-74FCABAEB319}.AppStore|iPhoneSimulator.Deploy.0 = Release|x64
		{E09F7378-2BDD-40D4-9B57-74FCABAEB319}.AppStore|x64.ActiveCfg = Release|x64
		{E09F7378-2BDD-40D4-9B57-74FCABAEB319}.AppStore|x64.Build.0 = Release|x64
		{E09F7378-2BDD-40D4-9B57-74FCABAEB319}.AppStore|x64.Deploy.0 = Release|x64
		{E09F7378-2BDD-40D4-9B57-74FCABAEB319}.AppStore|x86.ActiveCfg = Release|x86
		{E09F7378-2BDD-40D4-9B57-74FCABAEB319}.AppStore|x86.Build.0 = Release|x86
		{E09F7378-2BDD-40D4-9B57-74FCABAEB319}.AppStore|x86.Deploy.0 = Release|x86
		{E09F7378-2BDD-40D4-9B57-74FCABAEB319}.Debug|Any CPU.ActiveCfg = Debug|x86
		{E09F7378-2BDD-40D4-9B57-74FCABAEB319}.Debug|ARM.ActiveCfg = Debug|ARM
		{E09F7378-2BDD-40D4-9B57-74FCABAEB319}.Debug|ARM.Build.0 = Debug|ARM
		{E09F7378-2BDD-40D4-9B57-74FCABAEB319}.Debug|ARM.Deploy.0 = Debug|ARM
		{E09F7378-2BDD-40D4-9B57-74FCABAEB319}.Debug|ARM64.ActiveCfg = Debug|ARM64
		{E09F7378-2BDD-40D4-9B57-74FCABAEB319}.Debug|ARM64.Build.0 = Debug|ARM64
		{E09F7378-2BDD-40D4-9B57-74FCABAEB319}.Debug|ARM64.Deploy.0 = Debug|ARM64
		{E09F7378-2BDD-40D4-9B57-74FCABAEB319}.Debug|iPhone.ActiveCfg = Debug|x86
		{E09F7378-2BDD-40D4-9B57-74FCABAEB319}.Debug|iPhoneSimulator.ActiveCfg = Debug|x86
		{E09F7378-2BDD-40D4-9B57-74FCABAEB319}.Debug|x64.ActiveCfg = Debug|x64
		{E09F7378-2BDD-40D4-9B57-74FCABAEB319}.Debug|x64.Build.0 = Debug|x64
		{E09F7378-2BDD-40D4-9B57-74FCABAEB319}.Debug|x64.Deploy.0 = Debug|x64
		{E09F7378-2BDD-40D4-9B57-74FCABAEB319}.Debug|x86.ActiveCfg = Debug|x86
		{E09F7378-2BDD-40D4-9B57-74FCABAEB319}.Debug|x86.Build.0 = Debug|x86
		{E09F7378-2BDD-40D4-9B57-74FCABAEB319}.Debug|x86.Deploy.0 = Debug|x86
		{E09F7378-2BDD-40D4-9B57-74FCABAEB319}.Release|Any CPU.ActiveCfg = Release|x86
		{E09F7378-2BDD-40D4-9B57-74FCABAEB319}.Release|ARM.ActiveCfg = Release|ARM
		{E09F7378-2BDD-40D4-9B57-74FCABAEB319}.Release|ARM.Build.0 = Release|ARM
		{E09F7378-2BDD-40D4-9B57-74FCABAEB319}.Release|ARM.Deploy.0 = Release|ARM
		{E09F7378-2BDD-40D4-9B57-74FCABAEB319}.Release|ARM64.ActiveCfg = Release|ARM64
		{E09F7378-2BDD-40D4-9B57-74FCABAEB319}.Release|ARM64.Build.0 = Release|ARM64
		{E09F7378-2BDD-40D4-9B57-74FCABAEB319}.Release|ARM64.Deploy.0 = Release|ARM64
		{E09F7378-2BDD-40D4-9B57-74FCABAEB319}.Release|iPhone.ActiveCfg = Release|x86
		{E09F7378-2BDD-40D4-9B57-74FCABAEB319}.Release|iPhoneSimulator.ActiveCfg = Release|x86
		{E09F7378-2BDD-40D4-9B57-74FCABAEB319}.Release|x64.ActiveCfg = Release|x64
		{E09F7378-2BDD-40D4-9B57-74FCABAEB319}.Release|x64.Build.0 = Release|x64
		{E09F7378-2BDD-40D4-9B57-74FCABAEB319}.Release|x64.Deploy.0 = Release|x64
		{E09F7378-2BDD-40D4-9B57-74FCABAEB319}.Release|x86.ActiveCfg = Release|x86
		{E09F7378-2BDD-40D4-9B57-74FCABAEB319}.Release|x86.Build.0 = Release|x86
		{E09F7378-2BDD-40D4-9B57-74FCABAEB319}.Release|x86.Deploy.0 = Release|x86
		{B2074688-D872-46CA-8D53-F055D9CD64C9}.Ad-Hoc|Any CPU.ActiveCfg = Debug|Any CPU
		{B2074688-D872-46CA-8D53-F055D9CD64C9}.Ad-Hoc|Any CPU.Build.0 = Debug|Any CPU
		{B2074688-D872-46CA-8D53-F055D9CD64C9}.Ad-Hoc|ARM.ActiveCfg = Debug|Any CPU
		{B2074688-D872-46CA-8D53-F055D9CD64C9}.Ad-Hoc|ARM.Build.0 = Debug|Any CPU
		{B2074688-D872-46CA-8D53-F055D9CD64C9}.Ad-Hoc|iPhone.ActiveCfg = Debug|Any CPU
		{B2074688-D872-46CA-8D53-F055D9CD64C9}.Ad-Hoc|iPhone.Build.0 = Debug|Any CPU
		{B2074688-D872-46CA-8D53-F055D9CD64C9}.Ad-Hoc|iPhoneSimulator.ActiveCfg = Debug|Any CPU
		{B2074688-D872-46CA-8D53-F055D9CD64C9}.Ad-Hoc|iPhoneSimulator.Build.0 = Debug|Any CPU
		{B2074688-D872-46CA-8D53-F055D9CD64C9}.Ad-Hoc|x64.ActiveCfg = Debug|Any CPU
		{B2074688-D872-46CA-8D53-F055D9CD64C9}.Ad-Hoc|x64.Build.0 = Debug|Any CPU
		{B2074688-D872-46CA-8D53-F055D9CD64C9}.Ad-Hoc|x86.ActiveCfg = Debug|Any CPU
		{B2074688-D872-46CA-8D53-F055D9CD64C9}.Ad-Hoc|x86.Build.0 = Debug|Any CPU
		{B2074688-D872-46CA-8D53-F055D9CD64C9}.AppStore|Any CPU.ActiveCfg = Debug|Any CPU
		{B2074688-D872-46CA-8D53-F055D9CD64C9}.AppStore|Any CPU.Build.0 = Debug|Any CPU
		{B2074688-D872-46CA-8D53-F055D9CD64C9}.AppStore|ARM.ActiveCfg = Debug|Any CPU
		{B2074688-D872-46CA-8D53-F055D9CD64C9}.AppStore|ARM.Build.0 = Debug|Any CPU
		{B2074688-D872-46CA-8D53-F055D9CD64C9}.AppStore|iPhone.ActiveCfg = Debug|Any CPU
		{B2074688-D872-46CA-8D53-F055D9CD64C9}.AppStore|iPhone.Build.0 = Debug|Any CPU
		{B2074688-D872-46CA-8D53-F055D9CD64C9}.AppStore|iPhoneSimulator.ActiveCfg = Debug|Any CPU
		{B2074688-D872-46CA-8D53-F055D9CD64C9}.AppStore|iPhoneSimulator.Build.0 = Debug|Any CPU
		{B2074688-D872-46CA-8D53-F055D9CD64C9}.AppStore|x64.ActiveCfg = Debug|Any CPU
		{B2074688-D872-46CA-8D53-F055D9CD64C9}.AppStore|x64.Build.0 = Debug|Any CPU
		{B2074688-D872-46CA-8D53-F055D9CD64C9}.AppStore|x86.ActiveCfg = Debug|Any CPU
		{B2074688-D872-46CA-8D53-F055D9CD64C9}.AppStore|x86.Build.0 = Debug|Any CPU
		{B2074688-D872-46CA-8D53-F055D9CD64C9}.Debug|Any CPU.ActiveCfg = Debug|Any CPU
		{B2074688-D872-46CA-8D53-F055D9CD64C9}.Debug|Any CPU.Build.0 = Debug|Any CPU
		{B2074688-D872-46CA-8D53-F055D9CD64C9}.Debug|ARM.ActiveCfg = Debug|Any CPU
		{B2074688-D872-46CA-8D53-F055D9CD64C9}.Debug|ARM.Build.0 = Debug|Any CPU
		{B2074688-D872-46CA-8D53-F055D9CD64C9}.Debug|iPhone.ActiveCfg = Debug|Any CPU
		{B2074688-D872-46CA-8D53-F055D9CD64C9}.Debug|iPhone.Build.0 = Debug|Any CPU
		{B2074688-D872-46CA-8D53-F055D9CD64C9}.Debug|iPhoneSimulator.ActiveCfg = Debug|Any CPU
		{B2074688-D872-46CA-8D53-F055D9CD64C9}.Debug|iPhoneSimulator.Build.0 = Debug|Any CPU
		{B2074688-D872-46CA-8D53-F055D9CD64C9}.Debug|x64.ActiveCfg = Debug|Any CPU
		{B2074688-D872-46CA-8D53-F055D9CD64C9}.Debug|x64.Build.0 = Debug|Any CPU
		{B2074688-D872-46CA-8D53-F055D9CD64C9}.Debug|x86.ActiveCfg = Debug|Any CPU
		{B2074688-D872-46CA-8D53-F055D9CD64C9}.Debug|x86.Build.0 = Debug|Any CPU
		{B2074688-D872-46CA-8D53-F055D9CD64C9}.Release|Any CPU.ActiveCfg = Release|Any CPU
		{B2074688-D872-46CA-8D53-F055D9CD64C9}.Release|Any CPU.Build.0 = Release|Any CPU
		{B2074688-D872-46CA-8D53-F055D9CD64C9}.Release|ARM.ActiveCfg = Release|Any CPU
		{B2074688-D872-46CA-8D53-F055D9CD64C9}.Release|ARM.Build.0 = Release|Any CPU
		{B2074688-D872-46CA-8D53-F055D9CD64C9}.Release|iPhone.ActiveCfg = Release|Any CPU
		{B2074688-D872-46CA-8D53-F055D9CD64C9}.Release|iPhone.Build.0 = Release|Any CPU
		{B2074688-D872-46CA-8D53-F055D9CD64C9}.Release|iPhoneSimulator.ActiveCfg = Release|Any CPU
		{B2074688-D872-46CA-8D53-F055D9CD64C9}.Release|iPhoneSimulator.Build.0 = Release|Any CPU
		{B2074688-D872-46CA-8D53-F055D9CD64C9}.Release|x64.ActiveCfg = Release|Any CPU
		{B2074688-D872-46CA-8D53-F055D9CD64C9}.Release|x64.Build.0 = Release|Any CPU
		{B2074688-D872-46CA-8D53-F055D9CD64C9}.Release|x86.ActiveCfg = Release|Any CPU
		{B2074688-D872-46CA-8D53-F055D9CD64C9}.Release|x86.Build.0 = Release|Any CPU
	EndGlobalSection
	GlobalSection(SolutionProperties) = preSolution
		HideSolutionNode = FALSE
	EndGlobalSection
	GlobalSection(ExtensibilityGlobals) = postSolution
		SolutionGuid = {F6D05029-56B8-4E45-AF2D-0E76295DDBA2}
	EndGlobalSection
EndGlobal
