
Microsoft Visual Studio Solution File, Format Version 12.00
# Visual Studio 15
VisualStudioVersion = 15.0.26124.0
MinimumVisualStudioVersion = 15.0.26124.0
Project("{F2A71F9B-5D33-465A-A702-920D77279786}") = "SimpleInterest.Domain", "SimpleInterest.Domain\SimpleInterest.Domain.fsproj", "{F51A76C3-7501-49EA-90EB-149773D7D34B}"
EndProject
Project("{F2A71F9B-5D33-465A-A702-920D77279786}") = "SimpleInterest.Cli", "SimpleInterest.Cli\SimpleInterest.Cli.fsproj", "{7E148ADD-226C-412F-AF11-347DAA562AB5}"
EndProject
Global
	GlobalSection(SolutionConfigurationPlatforms) = preSolution
		Debug|Any CPU = Debug|Any CPU
		Debug|x64 = Debug|x64
		Debug|x86 = Debug|x86
		Release|Any CPU = Release|Any CPU
		Release|x64 = Release|x64
		Release|x86 = Release|x86
	EndGlobalSection
	GlobalSection(SolutionProperties) = preSolution
		HideSolutionNode = FALSE
	EndGlobalSection
	GlobalSection(ProjectConfigurationPlatforms) = postSolution
		{F51A76C3-7501-49EA-90EB-149773D7D34B}.Debug|Any CPU.ActiveCfg = Debug|Any CPU
		{F51A76C3-7501-49EA-90EB-149773D7D34B}.Debug|Any CPU.Build.0 = Debug|Any CPU
		{F51A76C3-7501-49EA-90EB-149773D7D34B}.Debug|x64.ActiveCfg = Debug|Any CPU
		{F51A76C3-7501-49EA-90EB-149773D7D34B}.Debug|x64.Build.0 = Debug|Any CPU
		{F51A76C3-7501-49EA-90EB-149773D7D34B}.Debug|x86.ActiveCfg = Debug|Any CPU
		{F51A76C3-7501-49EA-90EB-149773D7D34B}.Debug|x86.Build.0 = Debug|Any CPU
		{F51A76C3-7501-49EA-90EB-149773D7D34B}.Release|Any CPU.ActiveCfg = Release|Any CPU
		{F51A76C3-7501-49EA-90EB-149773D7D34B}.Release|Any CPU.Build.0 = Release|Any CPU
		{F51A76C3-7501-49EA-90EB-149773D7D34B}.Release|x64.ActiveCfg = Release|Any CPU
		{F51A76C3-7501-49EA-90EB-149773D7D34B}.Release|x64.Build.0 = Release|Any CPU
		{F51A76C3-7501-49EA-90EB-149773D7D34B}.Release|x86.ActiveCfg = Release|Any CPU
		{F51A76C3-7501-49EA-90EB-149773D7D34B}.Release|x86.Build.0 = Release|Any CPU
		{7E148ADD-226C-412F-AF11-347DAA562AB5}.Debug|Any CPU.ActiveCfg = Debug|Any CPU
		{7E148ADD-226C-412F-AF11-347DAA562AB5}.Debug|Any CPU.Build.0 = Debug|Any CPU
		{7E148ADD-226C-412F-AF11-347DAA562AB5}.Debug|x64.ActiveCfg = Debug|Any CPU
		{7E148ADD-226C-412F-AF11-347DAA562AB5}.Debug|x64.Build.0 = Debug|Any CPU
		{7E148ADD-226C-412F-AF11-347DAA562AB5}.Debug|x86.ActiveCfg = Debug|Any CPU
		{7E148ADD-226C-412F-AF11-347DAA562AB5}.Debug|x86.Build.0 = Debug|Any CPU
		{7E148ADD-226C-412F-AF11-347DAA562AB5}.Release|Any CPU.ActiveCfg = Release|Any CPU
		{7E148ADD-226C-412F-AF11-347DAA562AB5}.Release|Any CPU.Build.0 = Release|Any CPU
		{7E148ADD-226C-412F-AF11-347DAA562AB5}.Release|x64.ActiveCfg = Release|Any CPU
		{7E148ADD-226C-412F-AF11-347DAA562AB5}.Release|x64.Build.0 = Release|Any CPU
		{7E148ADD-226C-412F-AF11-347DAA562AB5}.Release|x86.ActiveCfg = Release|Any CPU
		{7E148ADD-226C-412F-AF11-347DAA562AB5}.Release|x86.Build.0 = Release|Any CPU
	EndGlobalSection
EndGlobal
